<?xml version="1.0" encoding="utf-8"?>
<Project ToolsVersion="4.0" xmlns="http://schemas.microsoft.com/developer/msbuild/2003">
  <ItemGroup>
    <ClCompile Include="main.cpp" />
    <ClCompile Include="windows\app.cpp">
      <Filter>windows</Filter>
    </ClCompile>
    <ClCompile Include="mcv_platform.cpp" />
    <ClCompile Include="geometry\SimpleMath.cpp">
      <Filter>geometry</Filter>
    </ClCompile>
    <ClCompile Include="render\shaders.cpp">
      <Filter>render</Filter>
    </ClCompile>
    <ClCompile Include="render\render.cpp">
      <Filter>render</Filter>
    </ClCompile>
    <ClCompile Include="render\mesh.cpp">
      <Filter>render</Filter>
    </ClCompile>
    <ClCompile Include="render\vertex_declarations.cpp">
      <Filter>render</Filter>
    </ClCompile>
    <ClCompile Include="camera\camera.cpp">
      <Filter>camera</Filter>
    </ClCompile>
    <ClCompile Include="utils\utils.cpp">
      <Filter>utils</Filter>
    </ClCompile>
    <ClCompile Include="game.cpp">
      <Filter>windows</Filter>
    </ClCompile>
    <ClCompile Include="geometry\angular.cpp">
      <Filter>geometry</Filter>
    </ClCompile>
    <ClCompile Include="geometry\transform.cpp">
      <Filter>geometry</Filter>
    </ClCompile>
    <ClCompile Include="render\mesh_manager.cpp">
      <Filter>render</Filter>
    </ClCompile>
    <ClCompile Include="resources\resources_manager.cpp">
      <Filter>resources</Filter>
    </ClCompile>
    <ClCompile Include="render\technique.cpp">
      <Filter>render</Filter>
    </ClCompile>
    <ClCompile Include="render\texture.cpp">
      <Filter>render</Filter>
    </ClCompile>
    <ClCompile Include="render\DDSTextureLoader.cpp">
      <Filter>render</Filter>
    </ClCompile>
    <ClCompile Include="handle\handle.cpp">
      <Filter>handle</Filter>
    </ClCompile>
    <ClCompile Include="handle\handle_manager.cpp">
      <Filter>handle</Filter>
    </ClCompile>
    <ClCompile Include="app_modules\entities.cpp">
      <Filter>app_modules</Filter>
    </ClCompile>
    <ClCompile Include="components\comp_transform.cpp">
      <Filter>components</Filter>
    </ClCompile>
    <ClCompile Include="expat\xmlparse.c">
      <Filter>expat</Filter>
    </ClCompile>
    <ClCompile Include="expat\xmlrole.c">
      <Filter>expat</Filter>
    </ClCompile>
    <ClCompile Include="expat\xmltok.c">
      <Filter>expat</Filter>
    </ClCompile>
    <ClCompile Include="expat\xmltok_impl.c">
      <Filter>expat</Filter>
    </ClCompile>
    <ClCompile Include="expat\xmltok_ns.c">
      <Filter>expat</Filter>
    </ClCompile>
    <ClCompile Include="utils\XMLParser.cpp">
      <Filter>utils</Filter>
    </ClCompile>
    <ClCompile Include="components\entity_parser.cpp">
      <Filter>components</Filter>
    </ClCompile>
    <ClCompile Include="components\entity_tags.cpp">
      <Filter>components</Filter>
    </ClCompile>
    <ClCompile Include="utils\murmur3.c">
      <Filter>utils</Filter>
    </ClCompile>
    <ClCompile Include="components\comp_camera.cpp">
      <Filter>components</Filter>
    </ClCompile>
    <ClCompile Include="app_modules\imgui\module_imgui.cpp">
      <Filter>app_modules\imgui</Filter>
    </ClCompile>
    <ClCompile Include="components\entity.cpp">
      <Filter>components</Filter>
    </ClCompile>
    <ClCompile Include="render\material.cpp">
      <Filter>render</Filter>
    </ClCompile>
    <ClCompile Include="render\static_mesh.cpp">
      <Filter>render</Filter>
    </ClCompile>
    <ClCompile Include="components\comp_render_static_mesh.cpp">
      <Filter>components</Filter>
    </ClCompile>
    <ClCompile Include="render\render_manager.cpp">
      <Filter>render</Filter>
    </ClCompile>

    <ClCompile Include="logic\sbb.cpp">
      <Filter>logic</Filter>
    </ClCompile>
    <ClCompile Include="input\input.cpp">
      <Filter>input</Filter>
    </ClCompile>
    <ClCompile Include="logic\ai_speedy.cpp">
      <Filter>logic</Filter>
    </ClCompile>
    <ClCompile Include="logic\aicontroller.cpp">
      <Filter>logic</Filter>
    </ClCompile>
    <ClCompile Include="logic\ai_mole.cpp">
      <Filter>logic</Filter>
    </ClCompile>
    <ClCompile Include="logic\ai_beacon.cpp">
      <Filter>logic</Filter>
    </ClCompile>
    <ClCompile Include="logic\ai_scientific.cpp">
      <Filter>logic</Filter>
    </ClCompile>
    <ClCompile Include="debug\debug.cpp">
      <Filter>debug</Filter>
    </ClCompile>
    <ClCompile Include="logic\ai_guard.cpp">
      <Filter>logic</Filter>
    </ClCompile>
    <ClCompile Include="game.cpp" />
    <ClCompile Include="logic\player_controller.cpp">
      <Filter>logic</Filter>
    </ClCompile>
  </ItemGroup>
  <ItemGroup>
    <ClInclude Include="windows\app.h">
      <Filter>windows</Filter>
    </ClInclude>
    <ClInclude Include="mcv_platform.h" />
    <ClInclude Include="geometry\SimpleMath.h">
      <Filter>geometry</Filter>
    </ClInclude>
    <ClInclude Include="geometry\geometry.h">
      <Filter>geometry</Filter>
    </ClInclude>
    <ClInclude Include="..\bin\data\shaders\contants\ctes_camera.h">
      <Filter>render\contants</Filter>
    </ClInclude>
    <ClInclude Include="render\shaders.h">
      <Filter>render</Filter>
    </ClInclude>
    <ClInclude Include="render\render.h">
      <Filter>render</Filter>
    </ClInclude>
    <ClInclude Include="render\mesh.h">
      <Filter>render</Filter>
    </ClInclude>
    <ClInclude Include="render\vertex_declarations.h">
      <Filter>render</Filter>
    </ClInclude>
    <ClInclude Include="render\shader_cte.h">
      <Filter>render</Filter>
    </ClInclude>
    <ClInclude Include="..\bin\data\shaders\contants\ctes_object.h">
      <Filter>render\contants</Filter>
    </ClInclude>
    <ClInclude Include="..\bin\data\shaders\contants\ctes_platform.h">
      <Filter>render\contants</Filter>
    </ClInclude>
    <ClInclude Include="camera\camera.h">
      <Filter>camera</Filter>
    </ClInclude>
    <ClInclude Include="utils\utils.h">
      <Filter>utils</Filter>
    </ClInclude>
    <ClInclude Include="app_modules\app_module.h">
      <Filter>app_modules</Filter>
    </ClInclude>
    <ClInclude Include="geometry\transform.h">
      <Filter>geometry</Filter>
    </ClInclude>
    <ClInclude Include="geometry\angular.h">
      <Filter>geometry</Filter>
    </ClInclude>
    <ClInclude Include="resources\resources_manager.h">
      <Filter>resources</Filter>
    </ClInclude>
    <ClInclude Include="resources\resource.h">
      <Filter>resources</Filter>
    </ClInclude>
    <ClInclude Include="utils\data_provider.h">
      <Filter>utils</Filter>
    </ClInclude>
    <ClInclude Include="render\technique.h">
      <Filter>render</Filter>
    </ClInclude>
    <ClInclude Include="render\texture.h">
      <Filter>render</Filter>
    </ClInclude>
    <ClInclude Include="render\DDSTextureLoader.h">
      <Filter>render</Filter>
    </ClInclude>
    <ClInclude Include="render\gpu_trace.h">
      <Filter>render</Filter>
    </ClInclude>
    <ClInclude Include="handle\handle.h">
      <Filter>handle</Filter>
    </ClInclude>
    <ClInclude Include="handle\handle_manager.h">
      <Filter>handle</Filter>
    </ClInclude>
    <ClInclude Include="handle\object_manager.h">
      <Filter>handle</Filter>
    </ClInclude>
    <ClInclude Include="components\comp_name.h">
      <Filter>components</Filter>
    </ClInclude>
    <ClInclude Include="components\comp_transform.h">
      <Filter>components</Filter>
    </ClInclude>
    <ClInclude Include="components\comp_life.h">
      <Filter>components</Filter>
    </ClInclude>
    <ClInclude Include="components\components.h">
      <Filter>components</Filter>
    </ClInclude>
    <ClInclude Include="components\entity.h">
      <Filter>components</Filter>
    </ClInclude>
    <ClInclude Include="app_modules\entities.h">
      <Filter>app_modules</Filter>
    </ClInclude>
    <ClInclude Include="components\comp_base.h">
      <Filter>components</Filter>
    </ClInclude>
    <ClInclude Include="utils\XMLParser.h">
      <Filter>utils</Filter>
    </ClInclude>
    <ClInclude Include="components\entity_parser.h">
      <Filter>components</Filter>
    </ClInclude>
    <ClInclude Include="handle\msgs.h">
      <Filter>handle</Filter>
    </ClInclude>
    <ClInclude Include="components\comp_msgs.h">
      <Filter>components</Filter>
    </ClInclude>
    <ClInclude Include="components\entity_tags.h">
      <Filter>components</Filter>
    </ClInclude>
    <ClInclude Include="utils\murmur3.h">
      <Filter>utils</Filter>
    </ClInclude>
    <ClInclude Include="components\comp_camera.h">
      <Filter>components</Filter>
    </ClInclude>
    <ClInclude Include="components\comp_controller_3rd_person.h">
      <Filter>components</Filter>
    </ClInclude>
    <ClInclude Include="app_modules\imgui\module_imgui.h">
      <Filter>app_modules\imgui</Filter>
    </ClInclude>
    <ClInclude Include="render\material.h">
      <Filter>render</Filter>
    </ClInclude>
    <ClInclude Include="render\static_mesh.h">
      <Filter>render</Filter>
    </ClInclude>
    <ClInclude Include="components\comp_render_static_mesh.h">
      <Filter>components</Filter>
    </ClInclude>
    <ClInclude Include="render\render_manager.h">
      <Filter>render</Filter>
    </ClInclude>
    <ClInclude Include="components\comp_render_mesh.h">
      <Filter>components</Filter>
    </ClInclude>
    <ClInclude Include="logic\sbb.h">
      <Filter>logic</Filter>
    </ClInclude>
    <ClInclude Include="input\input.h">
      <Filter>input</Filter>
    </ClInclude>
    <ClInclude Include="logic\ai_speedy.h">
      <Filter>logic</Filter>
    </ClInclude>
    <ClInclude Include="logic\aicontroller.h">
      <Filter>logic</Filter>
    </ClInclude>
    <ClInclude Include="logic\ai_mole.h">
      <Filter>logic</Filter>
    </ClInclude>
    <ClInclude Include="logic\ai_beacon.h">
      <Filter>logic</Filter>
    </ClInclude>
    <ClInclude Include="logic\ai_scientific.h">
      <Filter>logic</Filter>
    </ClInclude>
    <ClInclude Include="debug\debug.h">
      <Filter>debug</Filter>
    </ClInclude>
    <ClInclude Include="logic\ai_guard.h">
      <Filter>logic</Filter>
    </ClInclude>
    <ClInclude Include="logic\player_controller.h">
      <Filter>logic</Filter>
    </ClInclude>
  </ItemGroup>
  <ItemGroup>
    <Filter Include="windows">
      <UniqueIdentifier>{001cbc38-e382-49ea-b01f-ab847fd8b239}</UniqueIdentifier>
    </Filter>
    <Filter Include="render">
      <UniqueIdentifier>{79867027-4de9-4a41-839a-f7ac987877eb}</UniqueIdentifier>
    </Filter>
    <Filter Include="render\shaders">
      <UniqueIdentifier>{865620ba-b159-49d0-b912-472a7603202c}</UniqueIdentifier>
    </Filter>
    <Filter Include="render\contants">
      <UniqueIdentifier>{041c6fc5-2054-4e63-89c3-0c4c613bfe99}</UniqueIdentifier>
    </Filter>
    <Filter Include="geometry">
      <UniqueIdentifier>{6ac4c3d5-f010-4f38-8161-11f5beca9294}</UniqueIdentifier>
    </Filter>
    <Filter Include="camera">
      <UniqueIdentifier>{6f0e8ec0-5e28-4a72-b8ad-5068fa08a148}</UniqueIdentifier>
    </Filter>
    <Filter Include="utils">
      <UniqueIdentifier>{1a5a9721-edf4-4f64-957a-2614f294e850}</UniqueIdentifier>
    </Filter>
    <Filter Include="app_modules">
      <UniqueIdentifier>{3a68156c-79c6-4d40-831a-f41e0c500f3e}</UniqueIdentifier>
    </Filter>
    <Filter Include="app_modules\imgui">
      <UniqueIdentifier>{222bef3f-9c9a-4b7f-a555-d2c6fdefa764}</UniqueIdentifier>
    </Filter>
    <Filter Include="resources">
      <UniqueIdentifier>{90846d98-0941-418d-a528-2b382364908b}</UniqueIdentifier>
    </Filter>
    <Filter Include="handle">
      <UniqueIdentifier>{25e1c770-b496-4456-b7de-0b47ea5c1269}</UniqueIdentifier>
    </Filter>
    <Filter Include="components">
      <UniqueIdentifier>{5a7d102a-03ba-405e-aed4-7c7755e28674}</UniqueIdentifier>
    </Filter>
    <Filter Include="expat">
      <UniqueIdentifier>{269512a1-bbd5-4af1-a1ba-e05207790f05}</UniqueIdentifier>
    </Filter>
    <Filter Include="logic">
      <UniqueIdentifier>{c4cefe0b-fafc-4e30-a6e2-9cc68d3649da}</UniqueIdentifier>
    </Filter>
    <Filter Include="input">
      <UniqueIdentifier>{94c77502-c797-472d-9962-905c28738a0c}</UniqueIdentifier>
    </Filter>
    <Filter Include="debug">
      <UniqueIdentifier>{f4e9f4d5-b47f-481a-9c6f-9354de3f32da}</UniqueIdentifier>
    </Filter>
  </ItemGroup>
  <ItemGroup>
    <FxCompile Include="..\bin\data\shaders\Tutorial02.fx">
      <Filter>render\shaders</Filter>
    </FxCompile>
  </ItemGroup>
  <ItemGroup>
    <None Include="geometry\SimpleMath.inl">
      <Filter>geometry</Filter>
    </None>
  </ItemGroup>
  <ItemGroup>
    <Text Include="NOTES.txt" />
  </ItemGroup>
</Project>