<?xml version="1.0" encoding="utf-8"?>
<Project ToolsVersion="4.0" xmlns="http://schemas.microsoft.com/developer/msbuild/2003">
  <ItemGroup>
    <ClCompile Include="main.cpp" />
    <ClCompile Include="windows\app.cpp">
      <Filter>windows</Filter>
    </ClCompile>
    <ClCompile Include="geometry\SimpleMath.cpp">
      <Filter>geometry</Filter>
    </ClCompile>
    <ClCompile Include="render\shaders.cpp">
      <Filter>render</Filter>
    </ClCompile>
    <ClCompile Include="render\render.cpp">
      <Filter>render</Filter>
    </ClCompile>
    <ClCompile Include="render\mesh.cpp">
      <Filter>render</Filter>
    </ClCompile>
    <ClCompile Include="render\vertex_declarations.cpp">
      <Filter>render</Filter>
    </ClCompile>
    <ClCompile Include="camera\camera.cpp">
      <Filter>camera</Filter>
    </ClCompile>
    <ClCompile Include="utils\utils.cpp">
      <Filter>utils</Filter>
    </ClCompile>
    <ClCompile Include="game.cpp">
      <Filter>windows</Filter>
    </ClCompile>
    <ClCompile Include="geometry\angular.cpp">
      <Filter>geometry</Filter>
    </ClCompile>
    <ClCompile Include="geometry\transform.cpp">
      <Filter>geometry</Filter>
    </ClCompile>
    <ClCompile Include="render\mesh_manager.cpp">
      <Filter>render</Filter>
    </ClCompile>
    <ClCompile Include="resources\resources_manager.cpp">
      <Filter>resources</Filter>
    </ClCompile>
    <ClCompile Include="render\technique.cpp">
      <Filter>render</Filter>
    </ClCompile>
    <ClCompile Include="render\texture.cpp">
      <Filter>render</Filter>
    </ClCompile>
    <ClCompile Include="render\DDSTextureLoader.cpp">
      <Filter>render</Filter>
    </ClCompile>
    <ClCompile Include="handle\handle.cpp">
      <Filter>handle</Filter>
    </ClCompile>
    <ClCompile Include="handle\handle_manager.cpp">
      <Filter>handle</Filter>
    </ClCompile>
    <ClCompile Include="app_modules\entities.cpp">
      <Filter>app_modules</Filter>
    </ClCompile>
    <ClCompile Include="components\comp_transform.cpp">
      <Filter>components</Filter>
    </ClCompile>
    <ClCompile Include="expat\xmlparse.c">
      <Filter>expat</Filter>
    </ClCompile>
    <ClCompile Include="expat\xmlrole.c">
      <Filter>expat</Filter>
    </ClCompile>
    <ClCompile Include="expat\xmltok.c">
      <Filter>expat</Filter>
    </ClCompile>
    <ClCompile Include="expat\xmltok_impl.c">
      <Filter>expat</Filter>
    </ClCompile>
    <ClCompile Include="expat\xmltok_ns.c">
      <Filter>expat</Filter>
    </ClCompile>
    <ClCompile Include="utils\XMLParser.cpp">
      <Filter>utils</Filter>
    </ClCompile>
    <ClCompile Include="components\entity_parser.cpp">
      <Filter>components</Filter>
    </ClCompile>
    <ClCompile Include="components\entity_tags.cpp">
      <Filter>components</Filter>
    </ClCompile>
    <ClCompile Include="utils\murmur3.c">
      <Filter>utils</Filter>
    </ClCompile>
    <ClCompile Include="components\comp_camera.cpp">
      <Filter>components</Filter>
    </ClCompile>
    <ClCompile Include="app_modules\imgui\module_imgui.cpp">
      <Filter>app_modules\imgui</Filter>
    </ClCompile>
    <ClCompile Include="components\entity.cpp">
      <Filter>components</Filter>
    </ClCompile>
    <ClCompile Include="render\material.cpp">
      <Filter>render</Filter>
    </ClCompile>
    <ClCompile Include="render\static_mesh.cpp">
      <Filter>render</Filter>
    </ClCompile>
    <ClCompile Include="components\comp_render_static_mesh.cpp">
      <Filter>components</Filter>
    </ClCompile>
    <ClCompile Include="render\render_manager.cpp">
      <Filter>render</Filter>
    </ClCompile>
    <ClCompile Include="logic\sbb.cpp">
      <Filter>logic</Filter>
    </ClCompile>
    <ClCompile Include="logic\aicontroller.cpp">
      <Filter>logic</Filter>
    </ClCompile>
    <ClCompile Include="logic\bt_mole.cpp">
      <Filter>logic</Filter>
    </ClCompile>
    <ClCompile Include="logic\bt_guard.cpp">
      <Filter>logic</Filter>
    </ClCompile>
    <ClCompile Include="game.cpp" />
    <ClCompile Include="logic\bt_poss.cpp">
      <Filter>logic</Filter>
    </ClCompile>
    <ClCompile Include="prefabs\static_bomb.cpp">
      <Filter>prefabs</Filter>
    </ClCompile>
    <ClCompile Include="prefabs\magnetic_bomb.cpp">
      <Filter>prefabs</Filter>
    </ClCompile>
    <ClCompile Include="player_controllers\player_controller_mole.cpp">
      <Filter>player controllers</Filter>
    </ClCompile>
    <ClCompile Include="player_controllers\poss_controller.cpp">
      <Filter>player controllers</Filter>
    </ClCompile>
    <ClCompile Include="player_controllers\player_controller.cpp">
      <Filter>player controllers</Filter>
    </ClCompile>
    <ClCompile Include="player_controllers\player_controller_base.cpp">
      <Filter>player controllers</Filter>
    </ClCompile>
    <ClCompile Include="player_controllers\player_controller_cientifico.cpp">
      <Filter>player controllers</Filter>
    </ClCompile>
    <ClCompile Include="logic\ai_workbench.cpp">
      <Filter>logic</Filter>
    </ClCompile>
    <ClCompile Include="app_modules\io\io.cpp">
      <Filter>app_modules\io</Filter>
    </ClCompile>
    <ClCompile Include="app_modules\io\keyboard.cpp">
      <Filter>app_modules\io</Filter>
    </ClCompile>
    <ClCompile Include="app_modules\io\mouse.cpp">
      <Filter>app_modules\io</Filter>
    </ClCompile>
    <ClCompile Include="app_modules\io\joystick.cpp">
      <Filter>app_modules\io</Filter>
    </ClCompile>
    <ClCompile Include="components\comp_wire.cpp">
      <Filter>components</Filter>
    </ClCompile>
    <ClCompile Include="components\comp_generator.cpp">
      <Filter>components</Filter>
    </ClCompile>
    <ClCompile Include="profiling\profiling.cpp">
      <Filter>profiling</Filter>
    </ClCompile>
    <ClCompile Include="Physx\physx_manager.cpp">
      <Filter>physx</Filter>
    </ClCompile>
    <ClCompile Include="components\comp_charactercontroller.cpp">
      <Filter>components</Filter>
    </ClCompile>
    <ClCompile Include="components\comp_physics.cpp">
      <Filter>components</Filter>
    </ClCompile>
    <ClCompile Include="logic\bt.cpp">
      <Filter>logic</Filter>
    </ClCompile>
    <ClCompile Include="logic\btnode.cpp">
      <Filter>logic</Filter>
    </ClCompile>
    <ClCompile Include="recast\Recast\Source\Recast.cpp">
      <Filter>recast\Recast\Source</Filter>
    </ClCompile>
    <ClCompile Include="recast\Recast\Source\RecastAlloc.cpp">
      <Filter>recast\Recast\Source</Filter>
    </ClCompile>
    <ClCompile Include="recast\Recast\Source\RecastArea.cpp">
      <Filter>recast\Recast\Source</Filter>
    </ClCompile>
    <ClCompile Include="recast\Recast\Source\RecastContour.cpp">
      <Filter>recast\Recast\Source</Filter>
    </ClCompile>
    <ClCompile Include="recast\Recast\Source\RecastFilter.cpp">
      <Filter>recast\Recast\Source</Filter>
    </ClCompile>
    <ClCompile Include="recast\Recast\Source\RecastLayers.cpp">
      <Filter>recast\Recast\Source</Filter>
    </ClCompile>
    <ClCompile Include="recast\Recast\Source\RecastMesh.cpp">
      <Filter>recast\Recast\Source</Filter>
    </ClCompile>
    <ClCompile Include="recast\Recast\Source\RecastMeshDetail.cpp">
      <Filter>recast\Recast\Source</Filter>
    </ClCompile>
    <ClCompile Include="recast\Recast\Source\RecastRasterization.cpp">
      <Filter>recast\Recast\Source</Filter>
    </ClCompile>
    <ClCompile Include="recast\Recast\Source\RecastRegion.cpp">
      <Filter>recast\Recast\Source</Filter>
    </ClCompile>
    <ClCompile Include="recast\navmesh_builder.cpp">
      <Filter>recast</Filter>
    </ClCompile>
    <ClCompile Include="recast\navmesh_input.cpp">
      <Filter>recast</Filter>
    </ClCompile>
    <ClCompile Include="recast\navmesh_query.cpp">
      <Filter>recast</Filter>
    </ClCompile>
    <ClCompile Include="recast\PerfTimer.cpp">
      <Filter>recast</Filter>
    </ClCompile>
    <ClCompile Include="recast\DetourCrowd\Source\DetourLocalBoundary.cpp">
      <Filter>recast\DetourCrowd\Source</Filter>
    </ClCompile>
    <ClCompile Include="recast\DetourCrowd\Source\DetourObstacleAvoidance.cpp">
      <Filter>recast\DetourCrowd\Source</Filter>
    </ClCompile>
    <ClCompile Include="recast\DetourCrowd\Source\DetourPathCorridor.cpp">
      <Filter>recast\DetourCrowd\Source</Filter>
    </ClCompile>
    <ClCompile Include="recast\DetourCrowd\Source\DetourPathQueue.cpp">
      <Filter>recast\DetourCrowd\Source</Filter>
    </ClCompile>
    <ClCompile Include="recast\DetourCrowd\Source\DetourProximityGrid.cpp">
      <Filter>recast\DetourCrowd\Source</Filter>
    </ClCompile>
    <ClCompile Include="recast\DetourCrowd\Source\DetourCrowd.cpp">
      <Filter>recast\DetourCrowd\Source</Filter>
    </ClCompile>
    <ClCompile Include="recast\DetourTileCache\Source\DetourTileCache.cpp">
      <Filter>recast\DetourTileCache\Source</Filter>
    </ClCompile>
    <ClCompile Include="recast\DetourTileCache\Source\DetourTileCacheBuilder.cpp">
      <Filter>recast\DetourTileCache\Source</Filter>
    </ClCompile>
    <ClCompile Include="recast\DebugUtils\Source\DetourDebugDraw.cpp">
      <Filter>recast\DebugUtils\Source</Filter>
    </ClCompile>
    <ClCompile Include="recast\DebugUtils\Source\RecastDebugDraw.cpp">
      <Filter>recast\DebugUtils\Source</Filter>
    </ClCompile>
    <ClCompile Include="recast\DebugUtils\Source\RecastDump.cpp">
      <Filter>recast\DebugUtils\Source</Filter>
    </ClCompile>
    <ClCompile Include="recast\DebugUtils\Source\DebugDraw.cpp">
      <Filter>recast\DebugUtils\Source</Filter>
    </ClCompile>
    <ClCompile Include="recast\Detour\Source\DetourAlloc.cpp">
      <Filter>recast\Detour\Source</Filter>
    </ClCompile>
    <ClCompile Include="recast\Detour\Source\DetourCommon.cpp">
      <Filter>recast\Detour\Source</Filter>
    </ClCompile>
    <ClCompile Include="recast\Detour\Source\DetourNavMesh.cpp">
      <Filter>recast\Detour\Source</Filter>
    </ClCompile>
    <ClCompile Include="recast\Detour\Source\DetourNavMeshBuilder.cpp">
      <Filter>recast\Detour\Source</Filter>
    </ClCompile>
    <ClCompile Include="recast\Detour\Source\DetourNavMeshQuery.cpp">
      <Filter>recast\Detour\Source</Filter>
    </ClCompile>
    <ClCompile Include="recast\Detour\Source\DetourNode.cpp">
      <Filter>recast\Detour\Source</Filter>
    </ClCompile>
    <ClCompile Include="recast\navmesh.cpp">
      <Filter>recast</Filter>
    </ClCompile>
    <ClCompile Include="skeleton\skeleton.cpp">
      <Filter>skeleton</Filter>
    </ClCompile>
    <ClCompile Include="skeleton\comp_skeleton.cpp">
      <Filter>skeleton</Filter>
    </ClCompile>
    <ClCompile Include="components\comp_polarized.cpp">
      <Filter>components</Filter>
    </ClCompile>
    <ClCompile Include="render\draw_utils.cpp">
      <Filter>render</Filter>
    </ClCompile>
    <ClCompile Include="debug\console.cpp">
      <Filter>debug</Filter>
    </ClCompile>
    <ClCompile Include="components\comp_platform.cpp">
      <Filter>components</Filter>
    </ClCompile>
    <ClCompile Include="skeleton\comp_bone_tracker.cpp">
      <Filter>skeleton</Filter>
    </ClCompile>
    <ClCompile Include="render\render_config.cpp">
      <Filter>render</Filter>
    </ClCompile>
    <ClCompile Include="render\render_to_texture.cpp">
      <Filter>render</Filter>
    </ClCompile>
    <ClCompile Include="app_modules\render\module_render_deferred.cpp">
      <Filter>app_modules\render</Filter>
    </ClCompile>
    <ClCompile Include="app_modules\logic_manager\logic_manager.cpp">
      <Filter>app_modules\logic_manager</Filter>
    </ClCompile>
    <ClCompile Include="app_modules\logic_manager\slb_public_functions.cpp">
      <Filter>app_modules\logic_manager</Filter>
    </ClCompile>
    <ClCompile Include="debug\debug_itlightens.cpp">
      <Filter>debug</Filter>
    </ClCompile>
    <ClCompile Include="components\comp_trigger_lua.cpp">
      <Filter>components</Filter>
    </ClCompile>
    <ClCompile Include="components\comp_tracker.cpp">
      <Filter>components</Filter>
    </ClCompile>
    <ClCompile Include="logic\damage.cpp">
      <Filter>logic</Filter>
    </ClCompile>
    <ClCompile Include="app_modules\gui\gui.cpp">
      <Filter>app_modules\gui</Filter>
    </ClCompile>
    <ClCompile Include="components\comp_light_dir.cpp">
      <Filter>components</Filter>
    </ClCompile>
    <ClCompile Include="components\comp_light_point.cpp">
      <Filter>components</Filter>
    </ClCompile>
    <ClCompile Include="components\comp_light_fadable.cpp">
      <Filter>components</Filter>
    </ClCompile>
    <ClCompile Include="render\fx\GuardShots.cpp">
      <Filter>render\fx</Filter>
    </ClCompile>
    <ClCompile Include="app_modules\sound_manager\sound_manager.cpp">
      <Filter>app_modules\sound_manager</Filter>
    </ClCompile>
    <ClCompile Include="components\comp_guided_camera.cpp">
      <Filter>components</Filter>
    </ClCompile>
    <ClCompile Include="game.cpp" />
    <ClCompile Include="skeleton_controllers\skel_controller.cpp">
      <Filter>skeleton_controllers</Filter>
    </ClCompile>
    <ClCompile Include="skeleton_controllers\skc_player.cpp">
      <Filter>skeleton_controllers</Filter>
    </ClCompile>
    <ClCompile Include="skeleton_controllers\skc_guard.cpp">
      <Filter>skeleton_controllers</Filter>
    </ClCompile>
    <ClCompile Include="app_modules\gui\gui_action_text.cpp">
      <Filter>app_modules\gui</Filter>
    </ClCompile>
    <ClCompile Include="skeleton\coresubmesh.cpp">
      <Filter>skeleton</Filter>
    </ClCompile>
    <ClCompile Include="components\comp_drone.cpp">
      <Filter>components</Filter>
    </ClCompile>
    <ClCompile Include="components\comp_aabb.cpp">
      <Filter>components</Filter>
    </ClCompile>
    <ClCompile Include="components\comp_culling.cpp">
      <Filter>components</Filter>
    </ClCompile>
    <ClCompile Include="components\comp_light_dir_shadows.cpp">
      <Filter>components</Filter>
    </ClCompile>
    <ClCompile Include="logic\magnet_door.cpp">
      <Filter>logic</Filter>
    </ClCompile>
    <ClCompile Include="logic\elevator.cpp">
      <Filter>logic</Filter>
    </ClCompile>
    <ClCompile Include="logic\bt_scientist.cpp">
      <Filter>logic</Filter>
    </ClCompile>
    <ClCompile Include="components\comp_snoozer.cpp">
      <Filter>components</Filter>
    </ClCompile>
    <ClCompile Include="logic\helper_arrow.cpp">
      <Filter>logic</Filter>
    </ClCompile>
    <ClCompile Include="components\comp_base.cpp">
      <Filter>components</Filter>
    </ClCompile>
    <ClCompile Include="components\comp_render_glow.cpp">
      <Filter>components</Filter>
    </ClCompile>
    <ClCompile Include="components\comp_hierarchy.cpp">
      <Filter>components</Filter>
    </ClCompile>
    <ClCompile Include="components\comp_fading_message.cpp">
      <Filter>components</Filter>
    </ClCompile>
    <ClCompile Include="components\comp_tracker_cinta.cpp">
      <Filter>components</Filter>
    </ClCompile>
    <ClCompile Include="logic\workbench.cpp">
      <Filter>logic</Filter>
    </ClCompile>
    <ClCompile Include="components\comp_camera_main.cpp">
      <Filter>components</Filter>
    </ClCompile>
    <ClCompile Include="prefabs\throw_bomb.cpp">
      <Filter>prefabs</Filter>
    </ClCompile>
    <ClCompile Include="particles\ParticlesEmitter.cpp">
      <Filter>particles</Filter>
    </ClCompile>
    <ClCompile Include="particles\ParticlesLoader.cpp">
      <Filter>particles</Filter>
    </ClCompile>
    <ClCompile Include="particles\ParticleSystem.cpp">
      <Filter>particles</Filter>
    </ClCompile>
    <ClCompile Include="particles\particles_manager.cpp">
      <Filter>app_modules\particles</Filter>
    </ClCompile>
    <ClCompile Include="render\render_instanced.cpp">
      <Filter>render</Filter>
    </ClCompile>
    <ClCompile Include="logic\ai_cam.cpp">
      <Filter>logic</Filter>
    </ClCompile>
    <ClCompile Include="skeleton_controllers\skc_mole.cpp">
      <Filter>skeleton_controllers</Filter>
    </ClCompile>
    <ClCompile Include="skeleton_controllers\skc_scientist.cpp">
      <Filter>skeleton_controllers</Filter>
    </ClCompile>
    <ClCompile Include="mcv_platform.cpp" />
    <ClCompile Include="components\comp_room_switch.cpp">
      <Filter>components</Filter>
    </ClCompile>
    <ClCompile Include="components\comp_render_fade_screen.cpp">
      <Filter>components</Filter>
    </ClCompile>
    <ClCompile Include="skeleton\comp_skeleton_ik.cpp">
      <Filter>skeleton</Filter>
    </ClCompile>
    <ClCompile Include="skeleton\comp_skeleton_lookat.cpp">
      <Filter>skeleton</Filter>
    </ClCompile>
    <ClCompile Include="skeleton\skeleton_manager.cpp">
      <Filter>skeleton</Filter>
    </ClCompile>
    <ClCompile Include="components\comp_room_limit.cpp">
      <Filter>components</Filter>
    </ClCompile>
    <ClCompile Include="logic\comp_box.cpp">
      <Filter>logic</Filter>
    </ClCompile>
    <ClCompile Include="components\comp_fading_globe.cpp">
      <Filter>components</Filter>
    </ClCompile>
    <ClCompile Include="logic\pila.cpp">
      <Filter>logic</Filter>
    </ClCompile>
    <ClCompile Include="logic\pila_container.cpp">
      <Filter>logic</Filter>
    </ClCompile>
    <ClCompile Include="logic\pila.cpp">
      <Filter>logic</Filter>
    </ClCompile>
    <ClCompile Include="app_modules\gameController.cpp">
      <Filter>app_modules\game</Filter>
    </ClCompile>
    <ClCompile Include="components\comp_room.cpp">
      <Filter>components</Filter>
    </ClCompile>
    <ClCompile Include="app_modules\navmesh\navmesh_manager.cpp">
      <Filter>app_modules\navmesh</Filter>
    </ClCompile>
    <ClCompile Include="components\comp_video.cpp">
      <Filter>components</Filter>
    </ClCompile>
    <ClCompile Include="debug\log.cpp">
      <Filter>debug</Filter>
    </ClCompile>
    <ClCompile Include="app_modules\gui\comps\gui_cursor.cpp">
      <Filter>app_modules\gui\comps</Filter>
    </ClCompile>
    <ClCompile Include="app_modules\gui\comps\gui_button.cpp">
      <Filter>app_modules\gui\comps</Filter>
    </ClCompile>
    <ClCompile Include="Editors\editor_lights.cpp">
      <Filter>Editors</Filter>
    </ClCompile>
    <ClCompile Include="logic\npc.cpp">
      <Filter>logic</Filter>
    </ClCompile>
    <ClCompile Include="components\comp_tasklist.cpp">
      <Filter>components</Filter>
    </ClCompile>
    <ClCompile Include="components\comp_tasklist_switcher.cpp">
      <Filter>components</Filter>
    </ClCompile>
    <ClCompile Include="logic\comp_box_placer.cpp">
      <Filter>logic</Filter>
    </ClCompile>
    <ClCompile Include="components\comp_transform_animator.cpp">
      <Filter>components</Filter>
    </ClCompile>
    <ClCompile Include="components\comp_life .cpp">
      <Filter>components</Filter>
    </ClCompile>
    <ClCompile Include="Physx\physx_mesh_manager.cpp">
      <Filter>physx</Filter>
    </ClCompile>
    <ClCompile Include="app_modules\gui\comps\gui_basic.cpp">
      <Filter>app_modules\gui\comps</Filter>
    </ClCompile>
    <ClCompile Include="components\comp_sense_vision.cpp">
      <Filter>components</Filter>
    </ClCompile>
    <ClCompile Include="components\comp_look_target.cpp">
      <Filter>components</Filter>
    </ClCompile>
    <ClCompile Include="components\comp_loading_screen.cpp">
      <Filter>components</Filter>
    </ClCompile>
    <ClCompile Include="components\comp_text.cpp">
      <Filter>components</Filter>
    </ClCompile>
    <ClCompile Include="app_modules\gui\comps\gui_selector.cpp">
      <Filter>app_modules\gui\comps</Filter>
    </ClCompile>
    <ClCompile Include="app_modules\lang_manager\lang_manager.cpp">
      <Filter>app_modules\lang_manager</Filter>
    </ClCompile>
    <ClCompile Include="utils\text_encode.cpp">
      <Filter>utils</Filter>
    </ClCompile>
    <ClCompile Include="app_modules\io\input_wrapper.cpp">
      <Filter>app_modules\io</Filter>
    </ClCompile>
    <ClCompile Include="app_modules\sound_manager\comp_sound.cpp">
      <Filter>app_modules\sound_manager</Filter>
    </ClCompile>
    <ClCompile Include="app_modules\gui\comps\gui_drag.cpp">
      <Filter>app_modules\gui\comps</Filter>
    </ClCompile>
    <ClCompile Include="render\fx\fx_hatching.cpp">
      <Filter>render\fx</Filter>
    </ClCompile>
    <ClCompile Include="render\fx\fx_motion_blur.cpp">
      <Filter>render\fx</Filter>
    </ClCompile>
    <ClCompile Include="render\fx\fx_outline.cpp">
      <Filter>render\fx</Filter>
    </ClCompile>
    <ClCompile Include="render\fx\fx_antialiasing.cpp">
      <Filter>render\fx</Filter>
    </ClCompile>
    <ClCompile Include="render\fx\fx_depth_fog.cpp">
      <Filter>render\fx</Filter>
    </ClCompile>
    <ClCompile Include="render\fx\fx_dream.cpp">
      <Filter>render\fx</Filter>
    </ClCompile>
    <ClCompile Include="render\fx\fx_fade_screen.cpp">
      <Filter>render\fx</Filter>
    </ClCompile>
    <ClCompile Include="render\fx\fx_glow.cpp">
      <Filter>render\fx</Filter>
    </ClCompile>
    <ClCompile Include="components\comp_light_dir_shadows_dyn.cpp">
      <Filter>components</Filter>
    </ClCompile>
    <ClCompile Include="app_modules\render\module_render_postprocess.cpp">
      <Filter>app_modules\render</Filter>
    </ClCompile>
    <ClCompile Include="app_modules\render\comp_basic_fx.cpp">
      <Filter>app_modules\render</Filter>
    </ClCompile>
  </ItemGroup>
  <ItemGroup>
    <ClInclude Include="windows\app.h">
      <Filter>windows</Filter>
    </ClInclude>
    <ClInclude Include="mcv_platform.h" />
    <ClInclude Include="geometry\SimpleMath.h">
      <Filter>geometry</Filter>
    </ClInclude>
    <ClInclude Include="geometry\geometry.h">
      <Filter>geometry</Filter>
    </ClInclude>
    <ClInclude Include="render\shaders.h">
      <Filter>render</Filter>
    </ClInclude>
    <ClInclude Include="render\render.h">
      <Filter>render</Filter>
    </ClInclude>
    <ClInclude Include="render\mesh.h">
      <Filter>render</Filter>
    </ClInclude>
    <ClInclude Include="render\vertex_declarations.h">
      <Filter>render</Filter>
    </ClInclude>
    <ClInclude Include="render\shader_cte.h">
      <Filter>render</Filter>
    </ClInclude>
    <ClInclude Include="camera\camera.h">
      <Filter>camera</Filter>
    </ClInclude>
    <ClInclude Include="utils\utils.h">
      <Filter>utils</Filter>
    </ClInclude>
    <ClInclude Include="app_modules\app_module.h">
      <Filter>app_modules</Filter>
    </ClInclude>
    <ClInclude Include="geometry\transform.h">
      <Filter>geometry</Filter>
    </ClInclude>
    <ClInclude Include="geometry\angular.h">
      <Filter>geometry</Filter>
    </ClInclude>
    <ClInclude Include="resources\resources_manager.h">
      <Filter>resources</Filter>
    </ClInclude>
    <ClInclude Include="resources\resource.h">
      <Filter>resources</Filter>
    </ClInclude>
    <ClInclude Include="utils\data_provider.h">
      <Filter>utils</Filter>
    </ClInclude>
    <ClInclude Include="render\technique.h">
      <Filter>render</Filter>
    </ClInclude>
    <ClInclude Include="render\texture.h">
      <Filter>render</Filter>
    </ClInclude>
    <ClInclude Include="render\DDSTextureLoader.h">
      <Filter>render</Filter>
    </ClInclude>
    <ClInclude Include="render\gpu_trace.h">
      <Filter>render</Filter>
    </ClInclude>
    <ClInclude Include="handle\handle.h">
      <Filter>handle</Filter>
    </ClInclude>
    <ClInclude Include="handle\handle_manager.h">
      <Filter>handle</Filter>
    </ClInclude>
    <ClInclude Include="handle\object_manager.h">
      <Filter>handle</Filter>
    </ClInclude>
    <ClInclude Include="components\comp_name.h">
      <Filter>components</Filter>
    </ClInclude>
    <ClInclude Include="components\comp_transform.h">
      <Filter>components</Filter>
    </ClInclude>
    <ClInclude Include="components\comp_life.h">
      <Filter>components</Filter>
    </ClInclude>
    <ClInclude Include="components\components.h">
      <Filter>components</Filter>
    </ClInclude>
    <ClInclude Include="components\entity.h">
      <Filter>components</Filter>
    </ClInclude>
    <ClInclude Include="app_modules\entities.h">
      <Filter>app_modules</Filter>
    </ClInclude>
    <ClInclude Include="components\comp_base.h">
      <Filter>components</Filter>
    </ClInclude>
    <ClInclude Include="utils\XMLParser.h">
      <Filter>utils</Filter>
    </ClInclude>
    <ClInclude Include="components\entity_parser.h">
      <Filter>components</Filter>
    </ClInclude>
    <ClInclude Include="handle\msgs.h">
      <Filter>handle</Filter>
    </ClInclude>
    <ClInclude Include="components\comp_msgs.h">
      <Filter>components</Filter>
    </ClInclude>
    <ClInclude Include="components\entity_tags.h">
      <Filter>components</Filter>
    </ClInclude>
    <ClInclude Include="utils\murmur3.h">
      <Filter>utils</Filter>
    </ClInclude>
    <ClInclude Include="components\comp_camera.h">
      <Filter>components</Filter>
    </ClInclude>
    <ClInclude Include="components\comp_controller_3rd_person.h">
      <Filter>components</Filter>
    </ClInclude>
    <ClInclude Include="app_modules\imgui\module_imgui.h">
      <Filter>app_modules\imgui</Filter>
    </ClInclude>
    <ClInclude Include="render\material.h">
      <Filter>render</Filter>
    </ClInclude>
    <ClInclude Include="render\static_mesh.h">
      <Filter>render</Filter>
    </ClInclude>
    <ClInclude Include="components\comp_render_static_mesh.h">
      <Filter>components</Filter>
    </ClInclude>
    <ClInclude Include="render\render_manager.h">
      <Filter>render</Filter>
    </ClInclude>
    <ClInclude Include="logic\sbb.h">
      <Filter>logic</Filter>
    </ClInclude>
    <ClInclude Include="logic\aicontroller.h">
      <Filter>logic</Filter>
    </ClInclude>
    <ClInclude Include="logic\bt_mole.h">
      <Filter>logic</Filter>
    </ClInclude>
    <ClInclude Include="logic\bt_guard.h">
      <Filter>logic</Filter>
    </ClInclude>
    <ClInclude Include="logic\bt_poss.h">
      <Filter>logic</Filter>
    </ClInclude>
    <ClInclude Include="utils\macros\macros.h">
      <Filter>utils\macros</Filter>
    </ClInclude>
    <ClInclude Include="utils\macros\timers.h">
      <Filter>utils\macros</Filter>
    </ClInclude>
    <ClInclude Include="prefabs\static_bomb.h">
      <Filter>prefabs</Filter>
    </ClInclude>
    <ClInclude Include="prefabs\magnetic_bomb.h">
      <Filter>prefabs</Filter>
    </ClInclude>
    <ClInclude Include="ui\ui_interface.h">
      <Filter>UI</Filter>
    </ClInclude>
    <ClInclude Include="player_controllers\player_controller_cientifico.h">
      <Filter>player controllers</Filter>
    </ClInclude>
    <ClInclude Include="player_controllers\player_controller_mole.h">
      <Filter>player controllers</Filter>
    </ClInclude>
    <ClInclude Include="player_controllers\poss_controller.h">
      <Filter>player controllers</Filter>
    </ClInclude>
    <ClInclude Include="player_controllers\player_controller.h">
      <Filter>player controllers</Filter>
    </ClInclude>
    <ClInclude Include="player_controllers\player_controller_base.h">
      <Filter>player controllers</Filter>
    </ClInclude>
    <ClInclude Include="logic\ai_workbench.h">
      <Filter>logic</Filter>
    </ClInclude>
    <ClInclude Include="app_modules\io\digital_button.h">
      <Filter>app_modules\io</Filter>
    </ClInclude>
    <ClInclude Include="app_modules\io\io.h">
      <Filter>app_modules\io</Filter>
    </ClInclude>
    <ClInclude Include="app_modules\io\keyboard.h">
      <Filter>app_modules\io</Filter>
    </ClInclude>
    <ClInclude Include="app_modules\io\mouse.h">
      <Filter>app_modules\io</Filter>
    </ClInclude>
    <ClInclude Include="app_modules\io\joystick.h">
      <Filter>app_modules\io</Filter>
    </ClInclude>
    <ClInclude Include="components\comp_wire.h">
      <Filter>components</Filter>
    </ClInclude>
    <ClInclude Include="components\comp_generator.h">
      <Filter>components</Filter>
    </ClInclude>
    <ClInclude Include="profiling\profiling.h">
      <Filter>profiling</Filter>
    </ClInclude>
    <ClInclude Include="Physx\physx_manager.h">
      <Filter>physx</Filter>
    </ClInclude>
    <ClInclude Include="components\comp_charactercontroller.h">
      <Filter>components</Filter>
    </ClInclude>
    <ClInclude Include="components\comp_physics.h">
      <Filter>components</Filter>
    </ClInclude>
    <ClInclude Include="logic\bt.h">
      <Filter>logic</Filter>
    </ClInclude>
    <ClInclude Include="logic\btnode.h">
      <Filter>logic</Filter>
    </ClInclude>
    <ClInclude Include="recast\navmesh.h">
      <Filter>recast</Filter>
    </ClInclude>
    <ClInclude Include="recast\navmesh_builder.h">
      <Filter>recast</Filter>
    </ClInclude>
    <ClInclude Include="recast\navmesh_input.h">
      <Filter>recast</Filter>
    </ClInclude>
    <ClInclude Include="recast\navmesh_query.h">
      <Filter>recast</Filter>
    </ClInclude>
    <ClInclude Include="recast\PerfTimer.h">
      <Filter>recast</Filter>
    </ClInclude>
    <ClInclude Include="recast\Recast\Include\Recast.h">
      <Filter>recast\Recast\Include</Filter>
    </ClInclude>
    <ClInclude Include="recast\Recast\Include\RecastAlloc.h">
      <Filter>recast\Recast\Include</Filter>
    </ClInclude>
    <ClInclude Include="recast\Recast\Include\RecastAssert.h">
      <Filter>recast\Recast\Include</Filter>
    </ClInclude>
    <ClInclude Include="recast\DetourCrowd\Include\DetourLocalBoundary.h">
      <Filter>recast\DetourCrowd\Include</Filter>
    </ClInclude>
    <ClInclude Include="recast\DetourCrowd\Include\DetourObstacleAvoidance.h">
      <Filter>recast\DetourCrowd\Include</Filter>
    </ClInclude>
    <ClInclude Include="recast\DetourCrowd\Include\DetourPathCorridor.h">
      <Filter>recast\DetourCrowd\Include</Filter>
    </ClInclude>
    <ClInclude Include="recast\DetourCrowd\Include\DetourPathQueue.h">
      <Filter>recast\DetourCrowd\Include</Filter>
    </ClInclude>
    <ClInclude Include="recast\DetourCrowd\Include\DetourProximityGrid.h">
      <Filter>recast\DetourCrowd\Include</Filter>
    </ClInclude>
    <ClInclude Include="recast\DetourCrowd\Include\DetourCrowd.h">
      <Filter>recast\DetourCrowd\Include</Filter>
    </ClInclude>
    <ClInclude Include="recast\DetourTileCache\Include\DetourTileCache.h">
      <Filter>recast\DetourTileCache\Include</Filter>
    </ClInclude>
    <ClInclude Include="recast\DetourTileCache\Include\DetourTileCacheBuilder.h">
      <Filter>recast\DetourTileCache\Include</Filter>
    </ClInclude>
    <ClInclude Include="recast\DebugUtils\Include\DetourDebugDraw.h">
      <Filter>recast\DebugUtils\Include</Filter>
    </ClInclude>
    <ClInclude Include="recast\DebugUtils\Include\RecastDebugDraw.h">
      <Filter>recast\DebugUtils\Include</Filter>
    </ClInclude>
    <ClInclude Include="recast\DebugUtils\Include\RecastDump.h">
      <Filter>recast\DebugUtils\Include</Filter>
    </ClInclude>
    <ClInclude Include="recast\DebugUtils\Include\DebugDraw.h">
      <Filter>recast\DebugUtils\Include</Filter>
    </ClInclude>
    <ClInclude Include="recast\Detour\Include\DetourAlloc.h">
      <Filter>recast\Detour\Include</Filter>
    </ClInclude>
    <ClInclude Include="recast\Detour\Include\DetourAssert.h">
      <Filter>recast\Detour\Include</Filter>
    </ClInclude>
    <ClInclude Include="recast\Detour\Include\DetourCommon.h">
      <Filter>recast\Detour\Include</Filter>
    </ClInclude>
    <ClInclude Include="recast\Detour\Include\DetourMath.h">
      <Filter>recast\Detour\Include</Filter>
    </ClInclude>
    <ClInclude Include="recast\Detour\Include\DetourNavMesh.h">
      <Filter>recast\Detour\Include</Filter>
    </ClInclude>
    <ClInclude Include="recast\Detour\Include\DetourNavMeshBuilder.h">
      <Filter>recast\Detour\Include</Filter>
    </ClInclude>
    <ClInclude Include="recast\Detour\Include\DetourNavMeshQuery.h">
      <Filter>recast\Detour\Include</Filter>
    </ClInclude>
    <ClInclude Include="recast\Detour\Include\DetourNode.h">
      <Filter>recast\Detour\Include</Filter>
    </ClInclude>
    <ClInclude Include="recast\Detour\Include\DetourStatus.h">
      <Filter>recast\Detour\Include</Filter>
    </ClInclude>
    <ClInclude Include="skeleton\comp_skeleton.h">
      <Filter>skeleton</Filter>
    </ClInclude>
    <ClInclude Include="skeleton\skeleton.h">
      <Filter>skeleton</Filter>
    </ClInclude>
    <ClInclude Include="components\comp_polarized.h">
      <Filter>components</Filter>
    </ClInclude>
    <ClInclude Include="components\comp_trigger.h">
      <Filter>components</Filter>
    </ClInclude>
    <ClInclude Include="components\comp_victory_point.h">
      <Filter>components</Filter>
    </ClInclude>
    <ClInclude Include="app_modules\gameController.h">
      <Filter>app_modules\game</Filter>
    </ClInclude>
    <ClInclude Include="render\mesh_format.h">
      <Filter>render</Filter>
    </ClInclude>
    <ClInclude Include="render\draw_utils.h">
      <Filter>render</Filter>
    </ClInclude>
    <ClInclude Include="utils\data_saver.h">
      <Filter>utils</Filter>
    </ClInclude>
    <ClInclude Include="Physx\ItLightensFilterShader.h">
      <Filter>physx</Filter>
    </ClInclude>
    <ClInclude Include="debug\console.h">
      <Filter>debug</Filter>
    </ClInclude>
    <ClInclude Include="components\comp_platform.h">
      <Filter>components</Filter>
    </ClInclude>
    <ClInclude Include="components\comp_tags.h">
      <Filter>components</Filter>
    </ClInclude>
    <ClInclude Include="skeleton\comp_bone_tracker.h">
      <Filter>skeleton</Filter>
    </ClInclude>
    <ClInclude Include="render\render_config.h">
      <Filter>render</Filter>
    </ClInclude>
    <ClInclude Include="render\render_to_texture.h">
      <Filter>render</Filter>
    </ClInclude>
    <ClInclude Include="app_modules\render\module_render_deferred.h">
      <Filter>app_modules\render</Filter>
    </ClInclude>
    <ClInclude Include="utils\timer.h">
      <Filter>utils</Filter>
    </ClInclude>
    <ClInclude Include="app_modules\logic_manager\logic_manager.h">
      <Filter>app_modules\logic_manager</Filter>
    </ClInclude>
    <ClInclude Include="app_modules\logic_manager\slb_public_functions.h">
      <Filter>app_modules\logic_manager</Filter>
    </ClInclude>
    <ClInclude Include="utils\rapidjson\allocators.h">
      <Filter>utils\rapidjson</Filter>
    </ClInclude>
    <ClInclude Include="utils\rapidjson\document.h">
      <Filter>utils\rapidjson</Filter>
    </ClInclude>
    <ClInclude Include="utils\rapidjson\encodedstream.h">
      <Filter>utils\rapidjson</Filter>
    </ClInclude>
    <ClInclude Include="utils\rapidjson\encodings.h">
      <Filter>utils\rapidjson</Filter>
    </ClInclude>
    <ClInclude Include="utils\rapidjson\filereadstream.h">
      <Filter>utils\rapidjson</Filter>
    </ClInclude>
    <ClInclude Include="utils\rapidjson\filewritestream.h">
      <Filter>utils\rapidjson</Filter>
    </ClInclude>
    <ClInclude Include="utils\rapidjson\fwd.h">
      <Filter>utils\rapidjson</Filter>
    </ClInclude>
    <ClInclude Include="utils\rapidjson\istreamwrapper.h">
      <Filter>utils\rapidjson</Filter>
    </ClInclude>
    <ClInclude Include="utils\rapidjson\memorybuffer.h">
      <Filter>utils\rapidjson</Filter>
    </ClInclude>
    <ClInclude Include="utils\rapidjson\memorystream.h">
      <Filter>utils\rapidjson</Filter>
    </ClInclude>
    <ClInclude Include="utils\rapidjson\ostreamwrapper.h">
      <Filter>utils\rapidjson</Filter>
    </ClInclude>
    <ClInclude Include="utils\rapidjson\pointer.h">
      <Filter>utils\rapidjson</Filter>
    </ClInclude>
    <ClInclude Include="utils\rapidjson\prettywriter.h">
      <Filter>utils\rapidjson</Filter>
    </ClInclude>
    <ClInclude Include="utils\rapidjson\rapidjson.h">
      <Filter>utils\rapidjson</Filter>
    </ClInclude>
    <ClInclude Include="utils\rapidjson\reader.h">
      <Filter>utils\rapidjson</Filter>
    </ClInclude>
    <ClInclude Include="utils\rapidjson\schema.h">
      <Filter>utils\rapidjson</Filter>
    </ClInclude>
    <ClInclude Include="utils\rapidjson\stream.h">
      <Filter>utils\rapidjson</Filter>
    </ClInclude>
    <ClInclude Include="utils\rapidjson\stringbuffer.h">
      <Filter>utils\rapidjson</Filter>
    </ClInclude>
    <ClInclude Include="utils\rapidjson\writer.h">
      <Filter>utils\rapidjson</Filter>
    </ClInclude>
    <ClInclude Include="utils\rapidjson\error\en.h">
      <Filter>utils\rapidjson\error</Filter>
    </ClInclude>
    <ClInclude Include="utils\rapidjson\error\error.h">
      <Filter>utils\rapidjson\error</Filter>
    </ClInclude>
    <ClInclude Include="utils\rapidjson\internal\biginteger.h">
      <Filter>utils\rapidjson\internal</Filter>
    </ClInclude>
    <ClInclude Include="utils\rapidjson\internal\diyfp.h">
      <Filter>utils\rapidjson\internal</Filter>
    </ClInclude>
    <ClInclude Include="utils\rapidjson\internal\dtoa.h">
      <Filter>utils\rapidjson\internal</Filter>
    </ClInclude>
    <ClInclude Include="utils\rapidjson\internal\ieee754.h">
      <Filter>utils\rapidjson\internal</Filter>
    </ClInclude>
    <ClInclude Include="utils\rapidjson\internal\itoa.h">
      <Filter>utils\rapidjson\internal</Filter>
    </ClInclude>
    <ClInclude Include="utils\rapidjson\internal\meta.h">
      <Filter>utils\rapidjson\internal</Filter>
    </ClInclude>
    <ClInclude Include="utils\rapidjson\internal\pow10.h">
      <Filter>utils\rapidjson\internal</Filter>
    </ClInclude>
    <ClInclude Include="utils\rapidjson\internal\regex.h">
      <Filter>utils\rapidjson\internal</Filter>
    </ClInclude>
    <ClInclude Include="utils\rapidjson\internal\stack.h">
      <Filter>utils\rapidjson\internal</Filter>
    </ClInclude>
    <ClInclude Include="utils\rapidjson\internal\strfunc.h">
      <Filter>utils\rapidjson\internal</Filter>
    </ClInclude>
    <ClInclude Include="utils\rapidjson\internal\strtod.h">
      <Filter>utils\rapidjson\internal</Filter>
    </ClInclude>
    <ClInclude Include="utils\rapidjson\internal\swap.h">
      <Filter>utils\rapidjson\internal</Filter>
    </ClInclude>
    <ClInclude Include="utils\rapidjson\msinttypes\inttypes.h">
      <Filter>utils\rapidjson\msinttypes</Filter>
    </ClInclude>
    <ClInclude Include="utils\rapidjson\msinttypes\stdint.h">
      <Filter>utils\rapidjson\msinttypes</Filter>
    </ClInclude>
    <ClInclude Include="debug\debug_itlightens.h">
      <Filter>debug</Filter>
    </ClInclude>
    <ClInclude Include="components\comp_trigger_lua.h">
      <Filter>components</Filter>
    </ClInclude>
    <ClInclude Include="components\comp_box_spawner.h">
      <Filter>components</Filter>
    </ClInclude>
    <ClInclude Include="components\comp_box_destructor.h">
      <Filter>components</Filter>
    </ClInclude>
    <ClInclude Include="components\comp_trigger_standar.h">
      <Filter>components</Filter>
    </ClInclude>
    <ClInclude Include="components\comp_tracker.h">
      <Filter>components</Filter>
    </ClInclude>
    <ClInclude Include="logic\damage.h">
      <Filter>logic</Filter>
    </ClInclude>
    <ClInclude Include="app_modules\gui\gui.h">
      <Filter>app_modules\gui</Filter>
    </ClInclude>
    <ClInclude Include="app_modules\gui\gui_utils.h">
      <Filter>app_modules\gui</Filter>
    </ClInclude>
    <ClInclude Include="app_modules\gameData.h">
      <Filter>app_modules\game</Filter>
    </ClInclude>
    <ClInclude Include="components\comp_light_dir.h">
      <Filter>components</Filter>
    </ClInclude>
    <ClInclude Include="components\comp_light_point.h">
      <Filter>components</Filter>
    </ClInclude>
    <ClInclude Include="utils\directory_watcher.h">
      <Filter>components</Filter>
    </ClInclude>
    <ClInclude Include="imgui\imgui_internal.h">
      <Filter>app_modules\imgui</Filter>
    </ClInclude>
    <ClInclude Include="render\fx\GuardShots.h">
      <Filter>render\fx</Filter>
    </ClInclude>
    <ClInclude Include="app_modules\sound_manager\sound_manager.h">
      <Filter>app_modules\sound_manager</Filter>
    </ClInclude>
    <ClInclude Include="components\comp_light_fadable.h">
      <Filter>components</Filter>
    </ClInclude>
    <ClInclude Include="components\comp_guided_camera.h">
      <Filter>components</Filter>
    </ClInclude>
    <ClInclude Include="..\bin\data\shaders\constants\ctes_bones.h">
      <Filter>render\constants</Filter>
    </ClInclude>
    <ClInclude Include="..\bin\data\shaders\constants\ctes_camera.h">
      <Filter>render\constants</Filter>
    </ClInclude>
    <ClInclude Include="..\bin\data\shaders\constants\ctes_light.h">
      <Filter>render\constants</Filter>
    </ClInclude>
    <ClInclude Include="..\bin\data\shaders\constants\ctes_object.h">
      <Filter>render\constants</Filter>
    </ClInclude>
    <ClInclude Include="..\bin\data\shaders\constants\ctes_platform.h">
      <Filter>render\constants</Filter>
    </ClInclude>
    <ClInclude Include="skeleton_controllers\skel_controller.h">
      <Filter>skeleton_controllers</Filter>
    </ClInclude>
    <ClInclude Include="skeleton_controllers\skc_player.h">
      <Filter>skeleton_controllers</Filter>
    </ClInclude>
    <ClInclude Include="skeleton_controllers\skc_guard.h">
      <Filter>skeleton_controllers</Filter>
    </ClInclude>
    <ClInclude Include="app_modules\gui\gui_action_text.h">
      <Filter>app_modules\gui</Filter>
    </ClInclude>
    <ClInclude Include="..\bin\data\shaders\constants\ctes_globals.h">
      <Filter>render\constants</Filter>
    </ClInclude>
    <ClInclude Include="logic\polarity.h">
      <Filter>logic</Filter>
    </ClInclude>
    <ClInclude Include="logic\polarity.h">
      <Filter>logic</Filter>
    </ClInclude>
    <ClInclude Include="skeleton\coresubmesh.h">
      <Filter>skeleton</Filter>
    </ClInclude>
    <ClInclude Include="components\comp_drone.h">
      <Filter>components</Filter>
    </ClInclude>
    <ClInclude Include="imgui\imgui.h">
      <Filter>app_modules\imgui</Filter>
    </ClInclude>
    <ClInclude Include="imgui\imgui_impl_dx11.h">
      <Filter>app_modules\imgui</Filter>
    </ClInclude>
    <ClInclude Include="imgui\imconfig.h">
      <Filter>app_modules\imgui</Filter>
    </ClInclude>
    <ClInclude Include="imgui\stb_textedit.h">
      <Filter>app_modules\imgui</Filter>
    </ClInclude>
    <ClInclude Include="components\comp_aabb.h">
      <Filter>components</Filter>
    </ClInclude>
    <ClInclude Include="components\comp_culling.h">
      <Filter>components</Filter>
    </ClInclude>
    <ClInclude Include="components\comp_light_dir_shadows.h">
      <Filter>components</Filter>
    </ClInclude>
    <ClInclude Include="fmod\studio\inc\fmod.h">
      <Filter>fmod\studio\inc</Filter>
    </ClInclude>
    <ClInclude Include="fmod\studio\inc\fmod.hpp">
      <Filter>fmod\studio\inc</Filter>
    </ClInclude>
    <ClInclude Include="fmod\studio\inc\fmod_codec.h">
      <Filter>fmod\studio\inc</Filter>
    </ClInclude>
    <ClInclude Include="fmod\studio\inc\fmod_common.h">
      <Filter>fmod\studio\inc</Filter>
    </ClInclude>
    <ClInclude Include="fmod\studio\inc\fmod_dsp.h">
      <Filter>fmod\studio\inc</Filter>
    </ClInclude>
    <ClInclude Include="fmod\studio\inc\fmod_dsp_effects.h">
      <Filter>fmod\studio\inc</Filter>
    </ClInclude>
    <ClInclude Include="fmod\studio\inc\fmod_errors.h">
      <Filter>fmod\studio\inc</Filter>
    </ClInclude>
    <ClInclude Include="fmod\studio\inc\fmod_output.h">
      <Filter>fmod\studio\inc</Filter>
    </ClInclude>
    <ClInclude Include="fmod\studio\inc\fmod_studio.h">
      <Filter>fmod\studio\inc</Filter>
    </ClInclude>
    <ClInclude Include="fmod\studio\inc\fmod_studio.hpp">
      <Filter>fmod\studio\inc</Filter>
    </ClInclude>
    <ClInclude Include="fmod\studio\inc\fmod_studio_common.h">
      <Filter>fmod\studio\inc</Filter>
    </ClInclude>
    <ClInclude Include="logic\magnet_door.h">
      <Filter>logic</Filter>
    </ClInclude>
    <ClInclude Include="logic\elevator.h">
      <Filter>logic</Filter>
    </ClInclude>
    <ClInclude Include="logic\bt_scientist.h">
      <Filter>logic</Filter>
    </ClInclude>
    <ClInclude Include="components\comp_snoozer.h">
      <Filter>components</Filter>
    </ClInclude>
    <ClInclude Include="logic\helper_arrow.h">
      <Filter>logic</Filter>
    </ClInclude>
    <ClInclude Include="components\comp_workstation.h">
      <Filter>components</Filter>
    </ClInclude>
    <ClInclude Include="components\comp_render_glow.h">
      <Filter>components</Filter>
    </ClInclude>
    <ClInclude Include="components\comp_hierarchy.h">
      <Filter>components</Filter>
    </ClInclude>
    <ClInclude Include="components\comp_tracker_cinta.h">
      <Filter>components</Filter>
    </ClInclude>
    <ClInclude Include="components\comp_fading_message.h">
      <Filter>components</Filter>
    </ClInclude>
    <ClInclude Include="logic\workbench.h">
      <Filter>logic</Filter>
    </ClInclude>
    <ClInclude Include="SLB\include\SLB\Allocator.hpp">
      <Filter>SLB</Filter>
    </ClInclude>
    <ClInclude Include="SLB\include\SLB\Class.hpp">
      <Filter>SLB</Filter>
    </ClInclude>
    <ClInclude Include="SLB\include\SLB\ClassHelpers.hpp">
      <Filter>SLB</Filter>
    </ClInclude>
    <ClInclude Include="SLB\include\SLB\ClassInfo.hpp">
      <Filter>SLB</Filter>
    </ClInclude>
    <ClInclude Include="SLB\include\SLB\Conversor.hpp">
      <Filter>SLB</Filter>
    </ClInclude>
    <ClInclude Include="SLB\include\SLB\Debug.hpp">
      <Filter>SLB</Filter>
    </ClInclude>
    <ClInclude Include="SLB\include\SLB\Error.hpp">
      <Filter>SLB</Filter>
    </ClInclude>
    <ClInclude Include="SLB\include\SLB\Export.hpp">
      <Filter>SLB</Filter>
    </ClInclude>
    <ClInclude Include="SLB\include\SLB\FuncCall.hpp">
      <Filter>SLB</Filter>
    </ClInclude>
    <ClInclude Include="SLB\include\SLB\FuncCall_inline.hpp">
      <Filter>SLB</Filter>
    </ClInclude>
    <ClInclude Include="SLB\include\SLB\Hybrid.hpp">
      <Filter>SLB</Filter>
    </ClInclude>
    <ClInclude Include="SLB\include\SLB\Instance.hpp">
      <Filter>SLB</Filter>
    </ClInclude>
    <ClInclude Include="SLB\include\SLB\Iterator.hpp">
      <Filter>SLB</Filter>
    </ClInclude>
    <ClInclude Include="SLB\include\SLB\lua.hpp">
      <Filter>SLB</Filter>
    </ClInclude>
    <ClInclude Include="SLB\include\SLB\LuaCall.hpp">
      <Filter>SLB</Filter>
    </ClInclude>
    <ClInclude Include="SLB\include\SLB\Manager.hpp">
      <Filter>SLB</Filter>
    </ClInclude>
    <ClInclude Include="SLB\include\SLB\Mutex.hpp">
      <Filter>SLB</Filter>
    </ClInclude>
    <ClInclude Include="SLB\include\SLB\Object.hpp">
      <Filter>SLB</Filter>
    </ClInclude>
    <ClInclude Include="SLB\include\SLB\Private_FuncCall.hpp">
      <Filter>SLB</Filter>
    </ClInclude>
    <ClInclude Include="SLB\include\SLB\Property.hpp">
      <Filter>SLB</Filter>
    </ClInclude>
    <ClInclude Include="SLB\include\SLB\PushGet.hpp">
      <Filter>SLB</Filter>
    </ClInclude>
    <ClInclude Include="SLB\include\SLB\ref_ptr.hpp">
      <Filter>SLB</Filter>
    </ClInclude>
    <ClInclude Include="SLB\include\SLB\Script.hpp">
      <Filter>SLB</Filter>
    </ClInclude>
    <ClInclude Include="SLB\include\SLB\SLB.hpp">
      <Filter>SLB</Filter>
    </ClInclude>
    <ClInclude Include="SLB\include\SLB\SPP.hpp">
      <Filter>SLB</Filter>
    </ClInclude>
    <ClInclude Include="SLB\include\SLB\StatefulHybrid.hpp">
      <Filter>SLB</Filter>
    </ClInclude>
    <ClInclude Include="SLB\include\SLB\String.hpp">
      <Filter>SLB</Filter>
    </ClInclude>
    <ClInclude Include="SLB\include\SLB\Table.hpp">
      <Filter>SLB</Filter>
    </ClInclude>
    <ClInclude Include="SLB\include\SLB\Type.hpp">
      <Filter>SLB</Filter>
    </ClInclude>
    <ClInclude Include="SLB\include\SLB\TypeInfoWrapper.hpp">
      <Filter>SLB</Filter>
    </ClInclude>
    <ClInclude Include="SLB\include\SLB\util.hpp">
      <Filter>SLB</Filter>
    </ClInclude>
    <ClInclude Include="SLB\include\SLB\Value.hpp">
      <Filter>SLB</Filter>
    </ClInclude>
    <ClInclude Include="SLB\include\SLB\lua\lauxlib.h">
      <Filter>SLB\lua</Filter>
    </ClInclude>
    <ClInclude Include="SLB\include\SLB\lua\lua.h">
      <Filter>SLB\lua</Filter>
    </ClInclude>
    <ClInclude Include="SLB\include\SLB\lua\luaconf.h">
      <Filter>SLB\lua</Filter>
    </ClInclude>
    <ClInclude Include="SLB\include\SLB\lua\lualib.h">
      <Filter>SLB\lua</Filter>
    </ClInclude>
    <ClInclude Include="components\comp_camera_main.h">
      <Filter>components</Filter>
    </ClInclude>
    <ClInclude Include="prefabs\throw_bomb.h">
      <Filter>prefabs</Filter>
    </ClInclude>
    <ClInclude Include="particles\ParticleData.h">
      <Filter>particles</Filter>
    </ClInclude>
    <ClInclude Include="particles\ParticlesEmitter.h">
      <Filter>particles</Filter>
    </ClInclude>
    <ClInclude Include="particles\ParticlesLoader.h">
      <Filter>particles</Filter>
    </ClInclude>
    <ClInclude Include="particles\ParticlesSystem.h">
      <Filter>particles</Filter>
    </ClInclude>
    <ClInclude Include="particles\Emitter.h">
      <Filter>particles</Filter>
    </ClInclude>
    <ClInclude Include="particles\particles_manager.h">
      <Filter>app_modules\particles</Filter>
    </ClInclude>
    <ClInclude Include="render\render_instanced.h">
      <Filter>render</Filter>
    </ClInclude>
    <ClInclude Include="logic\ai_cam.h">
      <Filter>logic</Filter>
    </ClInclude>
    <ClInclude Include="skeleton_controllers\skc_mole.h">
      <Filter>skeleton_controllers</Filter>
    </ClInclude>
    <ClInclude Include="skeleton_controllers\skc_scientist.h">
      <Filter>skeleton_controllers</Filter>
    </ClInclude>
    <ClInclude Include="components\comp_room.h">
      <Filter>components</Filter>
    </ClInclude>
    <ClInclude Include="components\comp_room_switch.h">
      <Filter>components</Filter>
    </ClInclude>
    <ClInclude Include="components\comp_render_fade_screen.h">
      <Filter>components</Filter>
    </ClInclude>
    <ClInclude Include="skeleton\comp_skeleton_ik.h">
      <Filter>skeleton</Filter>
    </ClInclude>
    <ClInclude Include="skeleton\comp_skeleton_lookat.h">
      <Filter>skeleton</Filter>
    </ClInclude>
    <ClInclude Include="skeleton\skeleton_manager.h">
      <Filter>skeleton</Filter>
    </ClInclude>
    <ClInclude Include="skeleton\ik.h">
      <Filter>skeleton</Filter>
    </ClInclude>
    <ClInclude Include="resource.h" />
    <ClInclude Include="components\comp_room_limit.h">
      <Filter>components</Filter>
    </ClInclude>
    <ClInclude Include="..\bin\data\shaders\constants\ctes_blur.h">
      <Filter>render\constants</Filter>
    </ClInclude>
    <ClInclude Include="logic\comp_box.h">
      <Filter>logic</Filter>
    </ClInclude>
    <ClInclude Include="components\comp_fading_globe.h">
      <Filter>components</Filter>
    </ClInclude>
    <ClInclude Include="logic\pila.h">
      <Filter>logic</Filter>
    </ClInclude>
    <ClInclude Include="logic\pila_container.h">
      <Filter>logic</Filter>
    </ClInclude>
    <ClInclude Include="logic\pila.h">
      <Filter>logic</Filter>
    </ClInclude>
    <ClInclude Include="app_modules\navmesh\navmesh_manager.h">
      <Filter>app_modules\navmesh</Filter>
    </ClInclude>
    <ClInclude Include="components\comp_video.h">
      <Filter>components</Filter>
    </ClInclude>
    <ClInclude Include="debug\log.h">
      <Filter>debug</Filter>
    </ClInclude>
    <ClInclude Include="app_modules\gui\comps\gui_cursor.h">
      <Filter>app_modules\gui\comps</Filter>
    </ClInclude>
    <ClInclude Include="app_modules\gui\comps\gui_button.h">
      <Filter>app_modules\gui\comps</Filter>
    </ClInclude>
    <ClInclude Include="Editors\editor_lights.h">
      <Filter>Editors</Filter>
    </ClInclude>
    <ClInclude Include="logic\npc.h">
      <Filter>logic</Filter>
    </ClInclude>
    <ClInclude Include="components\comp_tasklist.h">
      <Filter>components</Filter>
    </ClInclude>
    <ClInclude Include="components\comp_tasklist_switcher.h">
      <Filter>components</Filter>
    </ClInclude>
    <ClInclude Include="logic\comp_box_placer.h">
      <Filter>logic</Filter>
    </ClInclude>
    <ClInclude Include="components\comp_transform_animator.h">
      <Filter>components</Filter>
    </ClInclude>
    <ClInclude Include="Physx\physx_mesh_manager.h">
      <Filter>physx</Filter>
    </ClInclude>
    <ClInclude Include="app_modules\gui\comps\gui_basic.h">
      <Filter>app_modules\gui\comps</Filter>
    </ClInclude>
    <ClInclude Include="components\comp_sense_vision.h">
      <Filter>components</Filter>
    </ClInclude>
    <ClInclude Include="components\comp_look_target.h">
      <Filter>components</Filter>
    </ClInclude>
    <ClInclude Include="..\bin\data\shaders\constants\ctes_gui.h">
      <Filter>render\constants</Filter>
    </ClInclude>
    <ClInclude Include="components\comp_loading_screen.h">
      <Filter>components</Filter>
    </ClInclude>
    <ClInclude Include="components\comp_text.h">
      <Filter>components</Filter>
    </ClInclude>
    <ClInclude Include="app_modules\gui\comps\gui_selector.h">
      <Filter>app_modules\gui\comps</Filter>
    </ClInclude>
    <ClInclude Include="app_modules\lang_manager\lang_manager.h">
      <Filter>app_modules\lang_manager</Filter>
    </ClInclude>
    <ClInclude Include="utils\text_encode.h">
      <Filter>utils</Filter>
    </ClInclude>
    <ClInclude Include="app_modules\io\input_wrapper.h">
      <Filter>app_modules\io</Filter>
    </ClInclude>
    <ClInclude Include="app_modules\sound_manager\comp_sound.h">
      <Filter>app_modules\sound_manager</Filter>
    </ClInclude>
    <ClInclude Include="app_modules\gui\comps\gui_drag.h">
      <Filter>app_modules\gui\comps</Filter>
    </ClInclude>
    <ClInclude Include="render\fx\fx_glow.h">
      <Filter>render\fx</Filter>
    </ClInclude>
    <ClInclude Include="render\fx\fx_hatching.h">
      <Filter>render\fx</Filter>
    </ClInclude>
    <ClInclude Include="render\fx\fx_motion_blur.h">
      <Filter>render\fx</Filter>
    </ClInclude>
    <ClInclude Include="render\fx\fx_outline.h">
      <Filter>render\fx</Filter>
    </ClInclude>
    <ClInclude Include="render\fx\fx_antialiasing.h">
      <Filter>render\fx</Filter>
    </ClInclude>
    <ClInclude Include="render\fx\fx_depth_fog.h">
      <Filter>render\fx</Filter>
    </ClInclude>
    <ClInclude Include="render\fx\fx_dream.h">
      <Filter>render\fx</Filter>
    </ClInclude>
    <ClInclude Include="render\fx\fx_fade_screen.h">
      <Filter>render\fx</Filter>
    </ClInclude>
    <ClInclude Include="app_modules\render\test_module_fx.h">
      <Filter>app_modules\render</Filter>
    </ClInclude>
    <ClInclude Include="components\comp_light_dir_shadows_dyn.h">
      <Filter>components</Filter>
    </ClInclude>
    <ClInclude Include="app_modules\render\module_render_postprocess.h">
      <Filter>app_modules\render</Filter>
    </ClInclude>
    <ClInclude Include="app_modules\render\comp_basic_fx.h">
      <Filter>app_modules\render</Filter>
    </ClInclude>
  </ItemGroup>
  <ItemGroup>
    <Filter Include="windows">
      <UniqueIdentifier>{001cbc38-e382-49ea-b01f-ab847fd8b239}</UniqueIdentifier>
    </Filter>
    <Filter Include="render">
      <UniqueIdentifier>{79867027-4de9-4a41-839a-f7ac987877eb}</UniqueIdentifier>
    </Filter>
    <Filter Include="render\shaders">
      <UniqueIdentifier>{865620ba-b159-49d0-b912-472a7603202c}</UniqueIdentifier>
    </Filter>
    <Filter Include="geometry">
      <UniqueIdentifier>{6ac4c3d5-f010-4f38-8161-11f5beca9294}</UniqueIdentifier>
    </Filter>
    <Filter Include="camera">
      <UniqueIdentifier>{6f0e8ec0-5e28-4a72-b8ad-5068fa08a148}</UniqueIdentifier>
    </Filter>
    <Filter Include="utils">
      <UniqueIdentifier>{1a5a9721-edf4-4f64-957a-2614f294e850}</UniqueIdentifier>
    </Filter>
    <Filter Include="app_modules">
      <UniqueIdentifier>{3a68156c-79c6-4d40-831a-f41e0c500f3e}</UniqueIdentifier>
    </Filter>
    <Filter Include="app_modules\imgui">
      <UniqueIdentifier>{222bef3f-9c9a-4b7f-a555-d2c6fdefa764}</UniqueIdentifier>
    </Filter>
    <Filter Include="resources">
      <UniqueIdentifier>{90846d98-0941-418d-a528-2b382364908b}</UniqueIdentifier>
    </Filter>
    <Filter Include="handle">
      <UniqueIdentifier>{25e1c770-b496-4456-b7de-0b47ea5c1269}</UniqueIdentifier>
    </Filter>
    <Filter Include="components">
      <UniqueIdentifier>{5a7d102a-03ba-405e-aed4-7c7755e28674}</UniqueIdentifier>
    </Filter>
    <Filter Include="expat">
      <UniqueIdentifier>{269512a1-bbd5-4af1-a1ba-e05207790f05}</UniqueIdentifier>
    </Filter>
    <Filter Include="logic">
      <UniqueIdentifier>{c4cefe0b-fafc-4e30-a6e2-9cc68d3649da}</UniqueIdentifier>
    </Filter>
    <Filter Include="debug">
      <UniqueIdentifier>{f4e9f4d5-b47f-481a-9c6f-9354de3f32da}</UniqueIdentifier>
    </Filter>
    <Filter Include="utils\macros">
      <UniqueIdentifier>{133787e7-f6f1-4496-90da-f6746ea1ce49}</UniqueIdentifier>
    </Filter>
    <Filter Include="prefabs">
      <UniqueIdentifier>{a908d031-f6a7-4027-840a-0933d76ea3ed}</UniqueIdentifier>
    </Filter>
    <Filter Include="UI">
      <UniqueIdentifier>{d0d8f167-b256-424f-8d29-b8b8ca895ce6}</UniqueIdentifier>
    </Filter>
    <Filter Include="player controllers">
      <UniqueIdentifier>{015f2a57-fefa-4062-9950-b4b729347030}</UniqueIdentifier>
    </Filter>
    <Filter Include="app_modules\io">
      <UniqueIdentifier>{a9e4179a-d89e-4a4d-86a7-45f6f384b662}</UniqueIdentifier>
    </Filter>
    <Filter Include="profiling">
      <UniqueIdentifier>{77cfda78-8c78-4cd8-a585-4925331cc637}</UniqueIdentifier>
    </Filter>
    <Filter Include="physx">
      <UniqueIdentifier>{16d1a48c-1e04-411f-8706-8555b3d2c0b9}</UniqueIdentifier>
    </Filter>
    <Filter Include="recast">
      <UniqueIdentifier>{d6093316-e00e-4813-91b6-fa40da65dc5c}</UniqueIdentifier>
    </Filter>
    <Filter Include="recast\Recast">
      <UniqueIdentifier>{e00cc453-1060-4246-a207-05c9d3cd0424}</UniqueIdentifier>
    </Filter>
    <Filter Include="recast\DetourTileCache">
      <UniqueIdentifier>{c5e499c1-60ec-4f7a-9690-600b9c3da177}</UniqueIdentifier>
    </Filter>
    <Filter Include="recast\DetourCrowd">
      <UniqueIdentifier>{36ecf22d-167f-4e82-82b4-49b02e910872}</UniqueIdentifier>
    </Filter>
    <Filter Include="recast\Detour">
      <UniqueIdentifier>{cb5b4c34-8d27-4ded-9343-6012adcb15b1}</UniqueIdentifier>
    </Filter>
    <Filter Include="recast\DebugUtils">
      <UniqueIdentifier>{689b6404-9d5d-4a26-9675-0624ba57dccd}</UniqueIdentifier>
    </Filter>
    <Filter Include="recast\Recast\Include">
      <UniqueIdentifier>{8f5f5536-06c0-4703-9692-b932c4e8584c}</UniqueIdentifier>
    </Filter>
    <Filter Include="recast\DebugUtils\Include">
      <UniqueIdentifier>{acf42c1a-8120-417f-862a-9e983ef297ff}</UniqueIdentifier>
    </Filter>
    <Filter Include="recast\Detour\Include">
      <UniqueIdentifier>{10d421f6-0885-470c-99a1-432e90db5a70}</UniqueIdentifier>
    </Filter>
    <Filter Include="recast\DetourCrowd\Include">
      <UniqueIdentifier>{2ae2ceca-67ae-4881-86fa-42eeb019524c}</UniqueIdentifier>
    </Filter>
    <Filter Include="recast\DetourTileCache\Include">
      <UniqueIdentifier>{c5740e68-c15a-4bdc-b121-e1e2e3d37b3a}</UniqueIdentifier>
    </Filter>
    <Filter Include="recast\DetourTileCache\Source">
      <UniqueIdentifier>{d43e6a1d-c95b-4a9a-83b4-03978af9bae1}</UniqueIdentifier>
    </Filter>
    <Filter Include="recast\DetourCrowd\Source">
      <UniqueIdentifier>{ac40f018-a7a3-424e-b4e2-9dcee46ec1f4}</UniqueIdentifier>
    </Filter>
    <Filter Include="recast\Detour\Source">
      <UniqueIdentifier>{d3d004a6-e7cf-421c-ab72-3a817f8dad47}</UniqueIdentifier>
    </Filter>
    <Filter Include="recast\DebugUtils\Source">
      <UniqueIdentifier>{949106e5-324a-47c3-a38e-fdec867045a7}</UniqueIdentifier>
    </Filter>
    <Filter Include="recast\Recast\Source">
      <UniqueIdentifier>{ac634405-f7d5-4af0-af9a-2fb16b5c7da5}</UniqueIdentifier>
    </Filter>
    <Filter Include="skeleton">
      <UniqueIdentifier>{b91640c3-0058-40ee-b94f-108a7884bd1c}</UniqueIdentifier>
    </Filter>
    <Filter Include="app_modules\game">
      <UniqueIdentifier>{cbacce40-a6c6-44fb-95a1-bcfa4dbfeab9}</UniqueIdentifier>
    </Filter>
    <Filter Include="app_modules\render">
      <UniqueIdentifier>{8ad41bdc-bebe-4172-833d-05296e9cebe5}</UniqueIdentifier>
    </Filter>
    <Filter Include="app_modules\logic_manager">
      <UniqueIdentifier>{224fc8a4-4ae1-4cb8-a9ef-6fa325768a77}</UniqueIdentifier>
    </Filter>
    <Filter Include="utils\rapidjson">
      <UniqueIdentifier>{ba8962c2-9f5f-4fa0-a782-c4a102bcfa92}</UniqueIdentifier>
    </Filter>
    <Filter Include="utils\rapidjson\error">
      <UniqueIdentifier>{72cf1885-046a-4e6e-86c3-7d2771526fa1}</UniqueIdentifier>
    </Filter>
    <Filter Include="utils\rapidjson\internal">
      <UniqueIdentifier>{26c46c72-12a6-4152-ae7d-120570f309fa}</UniqueIdentifier>
    </Filter>
    <Filter Include="utils\rapidjson\msinttypes">
      <UniqueIdentifier>{7d410083-59bf-4880-a82b-b4e8e3483964}</UniqueIdentifier>
    </Filter>
    <Filter Include="app_modules\gui">
      <UniqueIdentifier>{063e8cb1-512e-494c-a79a-0f13c83dfb31}</UniqueIdentifier>
    </Filter>
    <Filter Include="render\fx">
      <UniqueIdentifier>{9d0f3ef4-490d-4188-99c0-692744ec2cc1}</UniqueIdentifier>
    </Filter>
    <Filter Include="fmod">
      <UniqueIdentifier>{528e1a57-420c-4a71-90fc-157459fc227e}</UniqueIdentifier>
    </Filter>
    <Filter Include="app_modules\sound_manager">
      <UniqueIdentifier>{0012f195-886a-4a8a-8113-bd4f5cb5649a}</UniqueIdentifier>
    </Filter>
    <Filter Include="render\constants">
      <UniqueIdentifier>{61448c20-12c5-409f-a50b-43ba674d0122}</UniqueIdentifier>
    </Filter>
    <Filter Include="skeleton_controllers">
      <UniqueIdentifier>{443dd437-87c4-422c-8e95-0f58386a2893}</UniqueIdentifier>
    </Filter>
    <Filter Include="fmod\studio">
      <UniqueIdentifier>{a1c6acbc-0407-4f83-9647-55a54a4df272}</UniqueIdentifier>
    </Filter>
    <Filter Include="fmod\studio\inc">
      <UniqueIdentifier>{22368550-0f14-4800-801f-1b62d80fb8f0}</UniqueIdentifier>
    </Filter>
    <Filter Include="SLB">
      <UniqueIdentifier>{a6d34bb5-98a3-4961-bbd3-441bb6fad0c4}</UniqueIdentifier>
    </Filter>
    <Filter Include="SLB\lua">
      <UniqueIdentifier>{bd7adbbd-c819-4dc1-b003-c25939210c7b}</UniqueIdentifier>
    </Filter>
    <Filter Include="particles">
      <UniqueIdentifier>{c816dddb-6e22-453a-bef0-4848c9436e4d}</UniqueIdentifier>
    </Filter>
    <Filter Include="app_modules\particles">
      <UniqueIdentifier>{39998eac-d4cc-4be4-bbba-a3a4d8b79e2e}</UniqueIdentifier>
    </Filter>
    <Filter Include="app_modules\navmesh">
      <UniqueIdentifier>{e00dde25-03bc-4be5-9b3e-a185b50d039a}</UniqueIdentifier>
    </Filter>
    <Filter Include="app_modules\gui\comps">
      <UniqueIdentifier>{c40994dd-6ed8-4e00-bece-6abf4462f146}</UniqueIdentifier>
    </Filter>
    <Filter Include="Editors">
      <UniqueIdentifier>{07107c58-8bcf-4032-9f50-52cef83806f4}</UniqueIdentifier>
    </Filter>
    <Filter Include="app_modules\lang_manager">
      <UniqueIdentifier>{0948db12-24b9-4337-a8be-138dc4bdee78}</UniqueIdentifier>
    </Filter>
  </ItemGroup>
  <ItemGroup>
    <FxCompile Include="..\bin\data\shaders\basic.fx">
      <Filter>render\shaders</Filter>
    </FxCompile>
    <FxCompile Include="..\bin\data\shaders\skin.fx">
      <Filter>render\shaders</Filter>
    </FxCompile>
    <FxCompile Include="..\bin\data\shaders\deferred.fx">
      <Filter>render\shaders</Filter>
    </FxCompile>
  </ItemGroup>
  <ItemGroup>
    <None Include="geometry\SimpleMath.inl">
      <Filter>geometry</Filter>
    </None>
  </ItemGroup>
  <ItemGroup>
    <Text Include="NOTES.txt" />
  </ItemGroup>
  <ItemGroup>
    <Image Include="..\bin\data\icons\bolt.ico" />
  </ItemGroup>
  <ItemGroup>
    <ResourceCompile Include="Engine.rc" />
  </ItemGroup>
</Project>