<?xml version="1.0" encoding="utf-8"?>
<Project ToolsVersion="4.0" xmlns="http://schemas.microsoft.com/developer/msbuild/2003">
  <ItemGroup>
    <ClCompile Include="main.cpp" />
    <ClCompile Include="windows\app.cpp">
      <Filter>windows</Filter>
    </ClCompile>
    <ClCompile Include="mcv_platform.cpp" />
    <ClCompile Include="geometry\SimpleMath.cpp">
      <Filter>geometry</Filter>
    </ClCompile>
    <ClCompile Include="render\shaders.cpp">
      <Filter>render</Filter>
    </ClCompile>
    <ClCompile Include="render\render.cpp">
      <Filter>render</Filter>
    </ClCompile>
    <ClCompile Include="render\mesh.cpp">
      <Filter>render</Filter>
    </ClCompile>
    <ClCompile Include="render\vertex_declarations.cpp">
      <Filter>render</Filter>
    </ClCompile>
    <ClCompile Include="camera\camera.cpp">
      <Filter>camera</Filter>
    </ClCompile>
    <ClCompile Include="utils\utils.cpp">
      <Filter>utils</Filter>
    </ClCompile>
    <ClCompile Include="game.cpp">
      <Filter>windows</Filter>
    </ClCompile>
    <ClCompile Include="geometry\angular.cpp">
      <Filter>geometry</Filter>
    </ClCompile>
    <ClCompile Include="geometry\transform.cpp">
      <Filter>geometry</Filter>
    </ClCompile>
    <ClCompile Include="render\mesh_manager.cpp">
      <Filter>render</Filter>
    </ClCompile>
    <ClCompile Include="resources\resources_manager.cpp">
      <Filter>resources</Filter>
    </ClCompile>
    <ClCompile Include="render\technique.cpp">
      <Filter>render</Filter>
    </ClCompile>
    <ClCompile Include="render\texture.cpp">
      <Filter>render</Filter>
    </ClCompile>
    <ClCompile Include="render\DDSTextureLoader.cpp">
      <Filter>render</Filter>
    </ClCompile>
    <ClCompile Include="handle\handle.cpp">
      <Filter>handle</Filter>
    </ClCompile>
    <ClCompile Include="handle\handle_manager.cpp">
      <Filter>handle</Filter>
    </ClCompile>
    <ClCompile Include="app_modules\entities.cpp">
      <Filter>app_modules</Filter>
    </ClCompile>
    <ClCompile Include="components\comp_transform.cpp">
      <Filter>components</Filter>
    </ClCompile>
    <ClCompile Include="expat\xmlparse.c">
      <Filter>expat</Filter>
    </ClCompile>
    <ClCompile Include="expat\xmlrole.c">
      <Filter>expat</Filter>
    </ClCompile>
    <ClCompile Include="expat\xmltok.c">
      <Filter>expat</Filter>
    </ClCompile>
    <ClCompile Include="expat\xmltok_impl.c">
      <Filter>expat</Filter>
    </ClCompile>
    <ClCompile Include="expat\xmltok_ns.c">
      <Filter>expat</Filter>
    </ClCompile>
    <ClCompile Include="utils\XMLParser.cpp">
      <Filter>utils</Filter>
    </ClCompile>
    <ClCompile Include="components\entity_parser.cpp">
      <Filter>components</Filter>
    </ClCompile>
    <ClCompile Include="components\entity_tags.cpp">
      <Filter>components</Filter>
    </ClCompile>
    <ClCompile Include="utils\murmur3.c">
      <Filter>utils</Filter>
    </ClCompile>
    <ClCompile Include="components\comp_camera.cpp">
      <Filter>components</Filter>
    </ClCompile>
    <ClCompile Include="app_modules\imgui\module_imgui.cpp">
      <Filter>app_modules\imgui</Filter>
    </ClCompile>
    <ClCompile Include="components\entity.cpp">
      <Filter>components</Filter>
    </ClCompile>
    <ClCompile Include="render\material.cpp">
      <Filter>render</Filter>
    </ClCompile>
    <ClCompile Include="render\static_mesh.cpp">
      <Filter>render</Filter>
    </ClCompile>
    <ClCompile Include="components\comp_render_static_mesh.cpp">
      <Filter>components</Filter>
    </ClCompile>
    <ClCompile Include="render\render_manager.cpp">
      <Filter>render</Filter>
    </ClCompile>
    <ClCompile Include="logic\sbb.cpp">
      <Filter>logic</Filter>
    </ClCompile>
    <ClCompile Include="logic\bt_speedy.cpp">
      <Filter>logic</Filter>
    </ClCompile>
    <ClCompile Include="logic\aicontroller.cpp">
      <Filter>logic</Filter>
    </ClCompile>
    <ClCompile Include="logic\bt_mole.cpp">
      <Filter>logic</Filter>
    </ClCompile>
    <ClCompile Include="logic\ai_beacon.cpp">
      <Filter>logic</Filter>
    </ClCompile>
    <ClCompile Include="logic\ai_scientific.cpp">
      <Filter>logic</Filter>
    </ClCompile>
    <ClCompile Include="logic\bt_guard.cpp">
      <Filter>logic</Filter>
    </ClCompile>
    <ClCompile Include="game.cpp" />
    <ClCompile Include="logic\bt_poss.cpp">
      <Filter>logic</Filter>
    </ClCompile>
    <ClCompile Include="prefabs\static_bomb.cpp">
      <Filter>prefabs</Filter>
    </ClCompile>
    <ClCompile Include="prefabs\magnetic_bomb.cpp">
      <Filter>prefabs</Filter>
    </ClCompile>
    <ClCompile Include="player_controllers\player_controller_mole.cpp">
      <Filter>player controllers</Filter>
    </ClCompile>
    <ClCompile Include="player_controllers\player_controller_speedy.cpp">
      <Filter>player controllers</Filter>
    </ClCompile>
    <ClCompile Include="player_controllers\poss_controller.cpp">
      <Filter>player controllers</Filter>
    </ClCompile>
    <ClCompile Include="player_controllers\player_controller.cpp">
      <Filter>player controllers</Filter>
    </ClCompile>
    <ClCompile Include="player_controllers\player_controller_base.cpp">
      <Filter>player controllers</Filter>
    </ClCompile>
    <ClCompile Include="player_controllers\player_controller_cientifico.cpp">
      <Filter>player controllers</Filter>
    </ClCompile>
    <ClCompile Include="logic\ai_workbench.cpp">
      <Filter>logic</Filter>
    </ClCompile>
    <ClCompile Include="app_modules\io\io.cpp">
      <Filter>app_modules\io</Filter>
    </ClCompile>
    <ClCompile Include="app_modules\io\keyboard.cpp">
      <Filter>app_modules\io</Filter>
    </ClCompile>
    <ClCompile Include="app_modules\io\mouse.cpp">
      <Filter>app_modules\io</Filter>
    </ClCompile>
    <ClCompile Include="logic\ai_water.cpp">
      <Filter>logic</Filter>
    </ClCompile>
    <ClCompile Include="app_modules\io\joystick.cpp">
      <Filter>app_modules\io</Filter>
    </ClCompile>
    <ClCompile Include="components\comp_wire.cpp">
      <Filter>components</Filter>
    </ClCompile>
    <ClCompile Include="components\comp_generator.cpp">
      <Filter>components</Filter>
    </ClCompile>
    <ClCompile Include="profiling\profiling.cpp">
      <Filter>profiling</Filter>
    </ClCompile>
    <ClCompile Include="Physx\physx_manager.cpp">
      <Filter>physx</Filter>
    </ClCompile>
    <ClCompile Include="components\comp_charactercontroller.cpp">
      <Filter>components</Filter>
    </ClCompile>
    <ClCompile Include="components\comp_physics.cpp">
      <Filter>components</Filter>
    </ClCompile>
    <ClCompile Include="logic\bt.cpp">
      <Filter>logic</Filter>
    </ClCompile>
    <ClCompile Include="logic\btnode.cpp">
      <Filter>logic</Filter>
    </ClCompile>
    <ClCompile Include="logic\ai_guard.cpp">
      <Filter>logic_old</Filter>
    </ClCompile>
    <ClCompile Include="logic\ai_mole.cpp">
      <Filter>logic_old</Filter>
    </ClCompile>
    <ClCompile Include="logic\ai_poss.cpp">
      <Filter>logic_old</Filter>
    </ClCompile>
    <ClCompile Include="logic\ai_speedy.cpp">
      <Filter>logic_old</Filter>
    </ClCompile>
    <ClCompile Include="input\input.cpp">
      <Filter>input</Filter>
    </ClCompile>
    <ClCompile Include="input\input_manager.cpp">
      <Filter>input</Filter>
    </ClCompile>
    <ClCompile Include="recast\Recast\Source\Recast.cpp">
      <Filter>recast\Recast\Source</Filter>
    </ClCompile>
    <ClCompile Include="recast\Recast\Source\RecastAlloc.cpp">
      <Filter>recast\Recast\Source</Filter>
    </ClCompile>
    <ClCompile Include="recast\Recast\Source\RecastArea.cpp">
      <Filter>recast\Recast\Source</Filter>
    </ClCompile>
    <ClCompile Include="recast\Recast\Source\RecastContour.cpp">
      <Filter>recast\Recast\Source</Filter>
    </ClCompile>
    <ClCompile Include="recast\Recast\Source\RecastFilter.cpp">
      <Filter>recast\Recast\Source</Filter>
    </ClCompile>
    <ClCompile Include="recast\Recast\Source\RecastLayers.cpp">
      <Filter>recast\Recast\Source</Filter>
    </ClCompile>
    <ClCompile Include="recast\Recast\Source\RecastMesh.cpp">
      <Filter>recast\Recast\Source</Filter>
    </ClCompile>
    <ClCompile Include="recast\Recast\Source\RecastMeshDetail.cpp">
      <Filter>recast\Recast\Source</Filter>
    </ClCompile>
    <ClCompile Include="recast\Recast\Source\RecastRasterization.cpp">
      <Filter>recast\Recast\Source</Filter>
    </ClCompile>
    <ClCompile Include="recast\Recast\Source\RecastRegion.cpp">
      <Filter>recast\Recast\Source</Filter>
    </ClCompile>
    <ClCompile Include="recast\navmesh_builder.cpp">
      <Filter>recast</Filter>
    </ClCompile>
    <ClCompile Include="recast\navmesh_input.cpp">
      <Filter>recast</Filter>
    </ClCompile>
    <ClCompile Include="recast\navmesh_query.cpp">
      <Filter>recast</Filter>
    </ClCompile>
    <ClCompile Include="recast\PerfTimer.cpp">
      <Filter>recast</Filter>
    </ClCompile>
    <ClCompile Include="recast\DetourCrowd\Source\DetourLocalBoundary.cpp">
      <Filter>recast\DetourCrowd\Source</Filter>
    </ClCompile>
    <ClCompile Include="recast\DetourCrowd\Source\DetourObstacleAvoidance.cpp">
      <Filter>recast\DetourCrowd\Source</Filter>
    </ClCompile>
    <ClCompile Include="recast\DetourCrowd\Source\DetourPathCorridor.cpp">
      <Filter>recast\DetourCrowd\Source</Filter>
    </ClCompile>
    <ClCompile Include="recast\DetourCrowd\Source\DetourPathQueue.cpp">
      <Filter>recast\DetourCrowd\Source</Filter>
    </ClCompile>
    <ClCompile Include="recast\DetourCrowd\Source\DetourProximityGrid.cpp">
      <Filter>recast\DetourCrowd\Source</Filter>
    </ClCompile>
    <ClCompile Include="recast\DetourCrowd\Source\DetourCrowd.cpp">
      <Filter>recast\DetourCrowd\Source</Filter>
    </ClCompile>
    <ClCompile Include="recast\DetourTileCache\Source\DetourTileCache.cpp">
      <Filter>recast\DetourTileCache\Source</Filter>
    </ClCompile>
    <ClCompile Include="recast\DetourTileCache\Source\DetourTileCacheBuilder.cpp">
      <Filter>recast\DetourTileCache\Source</Filter>
    </ClCompile>
    <ClCompile Include="recast\DebugUtils\Source\DetourDebugDraw.cpp">
      <Filter>recast\DebugUtils\Source</Filter>
    </ClCompile>
    <ClCompile Include="recast\DebugUtils\Source\RecastDebugDraw.cpp">
      <Filter>recast\DebugUtils\Source</Filter>
    </ClCompile>
    <ClCompile Include="recast\DebugUtils\Source\RecastDump.cpp">
      <Filter>recast\DebugUtils\Source</Filter>
    </ClCompile>
    <ClCompile Include="recast\DebugUtils\Source\DebugDraw.cpp">
      <Filter>recast\DebugUtils\Source</Filter>
    </ClCompile>
    <ClCompile Include="recast\Detour\Source\DetourAlloc.cpp">
      <Filter>recast\Detour\Source</Filter>
    </ClCompile>
    <ClCompile Include="recast\Detour\Source\DetourCommon.cpp">
      <Filter>recast\Detour\Source</Filter>
    </ClCompile>
    <ClCompile Include="recast\Detour\Source\DetourNavMesh.cpp">
      <Filter>recast\Detour\Source</Filter>
    </ClCompile>
    <ClCompile Include="recast\Detour\Source\DetourNavMeshBuilder.cpp">
      <Filter>recast\Detour\Source</Filter>
    </ClCompile>
    <ClCompile Include="recast\Detour\Source\DetourNavMeshQuery.cpp">
      <Filter>recast\Detour\Source</Filter>
    </ClCompile>
    <ClCompile Include="recast\Detour\Source\DetourNode.cpp">
      <Filter>recast\Detour\Source</Filter>
    </ClCompile>
    <ClCompile Include="recast\navmesh.cpp">
      <Filter>recast</Filter>
    </ClCompile>
    <ClCompile Include="skeleton\skeleton.cpp">
      <Filter>skeleton</Filter>
    </ClCompile>
    <ClCompile Include="skeleton\comp_skeleton.cpp">
      <Filter>skeleton</Filter>
    </ClCompile>
    <ClCompile Include="components\comp_polarized.cpp">
      <Filter>components</Filter>
    </ClCompile>
    <ClCompile Include="SLB\src\Allocator.cpp">
      <Filter>slb\src</Filter>
    </ClCompile>
    <ClCompile Include="SLB\src\Class.cpp">
      <Filter>slb\src</Filter>
    </ClCompile>
    <ClCompile Include="SLB\src\ClassHelpers.cpp">
      <Filter>slb\src</Filter>
    </ClCompile>
    <ClCompile Include="SLB\src\ClassInfo.cpp">
      <Filter>slb\src</Filter>
    </ClCompile>
    <ClCompile Include="SLB\src\Debug.cpp">
      <Filter>slb\src</Filter>
    </ClCompile>
    <ClCompile Include="SLB\src\Error.cpp">
      <Filter>slb\src</Filter>
    </ClCompile>
    <ClCompile Include="SLB\src\FuncCall.cpp">
      <Filter>slb\src</Filter>
    </ClCompile>
    <ClCompile Include="SLB\src\Hybrid.cpp">
      <Filter>slb\src</Filter>
    </ClCompile>
    <ClCompile Include="SLB\src\Instance.cpp">
      <Filter>slb\src</Filter>
    </ClCompile>
    <ClCompile Include="SLB\src\Iterator.cpp">
      <Filter>slb\src</Filter>
    </ClCompile>
    <ClCompile Include="SLB\src\LuaCall.cpp">
      <Filter>slb\src</Filter>
    </ClCompile>
    <ClCompile Include="SLB\src\Manager.cpp">
      <Filter>slb\src</Filter>
    </ClCompile>
    <ClCompile Include="SLB\src\Object.cpp">
      <Filter>slb\src</Filter>
    </ClCompile>
    <ClCompile Include="SLB\src\Property.cpp">
      <Filter>slb\src</Filter>
    </ClCompile>
    <ClCompile Include="SLB\src\Script.cpp">
      <Filter>slb\src</Filter>
    </ClCompile>
    <ClCompile Include="SLB\src\SLB.cpp">
      <Filter>slb\src</Filter>
    </ClCompile>
    <ClCompile Include="SLB\src\Table.cpp">
      <Filter>slb\src</Filter>
    </ClCompile>
    <ClCompile Include="SLB\src\Type.cpp">
      <Filter>slb\src</Filter>
    </ClCompile>
    <ClCompile Include="SLB\src\Value.cpp">
      <Filter>slb\src</Filter>
    </ClCompile>
    <ClCompile Include="SLB\src\lua\lstate.c">
      <Filter>slb\src\lua</Filter>
    </ClCompile>
    <ClCompile Include="SLB\src\lua\lstring.c">
      <Filter>slb\src\lua</Filter>
    </ClCompile>
    <ClCompile Include="SLB\src\lua\lstrlib.c">
      <Filter>slb\src\lua</Filter>
    </ClCompile>
    <ClCompile Include="SLB\src\lua\ltable.c">
      <Filter>slb\src\lua</Filter>
    </ClCompile>
    <ClCompile Include="SLB\src\lua\ltablib.c">
      <Filter>slb\src\lua</Filter>
    </ClCompile>
    <ClCompile Include="SLB\src\lua\ltm.c">
      <Filter>slb\src\lua</Filter>
    </ClCompile>
    <ClCompile Include="SLB\src\lua\lundump.c">
      <Filter>slb\src\lua</Filter>
    </ClCompile>
    <ClCompile Include="SLB\src\lua\lvm.c">
      <Filter>slb\src\lua</Filter>
    </ClCompile>
    <ClCompile Include="SLB\src\lua\lzio.c">
      <Filter>slb\src\lua</Filter>
    </ClCompile>
    <ClCompile Include="SLB\src\lua\lapi.c">
      <Filter>slb\src\lua</Filter>
    </ClCompile>
    <ClCompile Include="SLB\src\lua\lauxlib.c">
      <Filter>slb\src\lua</Filter>
    </ClCompile>
    <ClCompile Include="SLB\src\lua\lbaselib.c">
      <Filter>slb\src\lua</Filter>
    </ClCompile>
    <ClCompile Include="SLB\src\lua\lbitlib.c">
      <Filter>slb\src\lua</Filter>
    </ClCompile>
    <ClCompile Include="SLB\src\lua\lcode.c">
      <Filter>slb\src\lua</Filter>
    </ClCompile>
    <ClCompile Include="SLB\src\lua\lcorolib.c">
      <Filter>slb\src\lua</Filter>
    </ClCompile>
    <ClCompile Include="SLB\src\lua\lctype.c">
      <Filter>slb\src\lua</Filter>
    </ClCompile>
    <ClCompile Include="SLB\src\lua\ldblib.c">
      <Filter>slb\src\lua</Filter>
    </ClCompile>
    <ClCompile Include="SLB\src\lua\ldebug.c">
      <Filter>slb\src\lua</Filter>
    </ClCompile>
    <ClCompile Include="SLB\src\lua\ldo.c">
      <Filter>slb\src\lua</Filter>
    </ClCompile>
    <ClCompile Include="SLB\src\lua\ldump.c">
      <Filter>slb\src\lua</Filter>
    </ClCompile>
    <ClCompile Include="SLB\src\lua\lfunc.c">
      <Filter>slb\src\lua</Filter>
    </ClCompile>
    <ClCompile Include="SLB\src\lua\lgc.c">
      <Filter>slb\src\lua</Filter>
    </ClCompile>
    <ClCompile Include="SLB\src\lua\linit.c">
      <Filter>slb\src\lua</Filter>
    </ClCompile>
    <ClCompile Include="SLB\src\lua\liolib.c">
      <Filter>slb\src\lua</Filter>
    </ClCompile>
    <ClCompile Include="SLB\src\lua\llex.c">
      <Filter>slb\src\lua</Filter>
    </ClCompile>
    <ClCompile Include="SLB\src\lua\lmathlib.c">
      <Filter>slb\src\lua</Filter>
    </ClCompile>
    <ClCompile Include="SLB\src\lua\lmem.c">
      <Filter>slb\src\lua</Filter>
    </ClCompile>
    <ClCompile Include="SLB\src\lua\loadlib.c">
      <Filter>slb\src\lua</Filter>
    </ClCompile>
    <ClCompile Include="SLB\src\lua\lobject.c">
      <Filter>slb\src\lua</Filter>
    </ClCompile>
    <ClCompile Include="SLB\src\lua\lopcodes.c">
      <Filter>slb\src\lua</Filter>
    </ClCompile>
    <ClCompile Include="SLB\src\lua\loslib.c">
      <Filter>slb\src\lua</Filter>
    </ClCompile>
    <ClCompile Include="SLB\src\lua\lparser.c">
      <Filter>slb\src\lua</Filter>
    </ClCompile>
    <ClCompile Include="render\draw_utils.cpp">
      <Filter>render</Filter>
    </ClCompile>
    <ClCompile Include="debug\console.cpp">
      <Filter>debug</Filter>
    </ClCompile>
    <ClCompile Include="components\comp_platform.cpp">
      <Filter>components</Filter>
    </ClCompile>
    <ClCompile Include="skeleton\comp_bone_tracker.cpp">
      <Filter>skeleton</Filter>
    </ClCompile>
    <ClCompile Include="render\render_config.cpp">
      <Filter>render</Filter>
    </ClCompile>
    <ClCompile Include="render\render_to_texture.cpp">
      <Filter>render</Filter>
    </ClCompile>
    <ClCompile Include="app_modules\render\module_render_deferred.cpp">
      <Filter>app_modules\render</Filter>
    </ClCompile>
    <ClCompile Include="app_modules\logic_manager\logic_manager.cpp">
      <Filter>app_modules\logic_manager</Filter>
    </ClCompile>
    <ClCompile Include="app_modules\logic_manager\slb_public_functions.cpp">
      <Filter>app_modules\logic_manager</Filter>
    </ClCompile>
    <ClCompile Include="debug\debug_itlightens.cpp">
      <Filter>debug</Filter>
    </ClCompile>
    <ClCompile Include="components\comp_trigger_lua.cpp">
      <Filter>components</Filter>
    </ClCompile>
    <ClCompile Include="components\comp_tracker.cpp">
      <Filter>components</Filter>
    </ClCompile>
    <ClCompile Include="logic\damage.cpp">
      <Filter>logic</Filter>
    </ClCompile>
    <ClCompile Include="app_modules\gui\gui.cpp">
      <Filter>app_modules\gui</Filter>
    </ClCompile>
    <ClCompile Include="app_modules\gui\gui_bar_color.cpp">
      <Filter>app_modules\gui</Filter>
    </ClCompile>
    <ClCompile Include="app_modules\gui\gui_utils.cpp">
      <Filter>app_modules\gui</Filter>
    </ClCompile>
    <ClCompile Include="app_modules\gui\gui_hud_player.cpp">
      <Filter>app_modules\gui</Filter>
    </ClCompile>
    <ClCompile Include="components\comp_light_dir.cpp">
      <Filter>components</Filter>
    </ClCompile>
    <ClCompile Include="components\comp_light_point.cpp">
      <Filter>components</Filter>
    </ClCompile>
    <ClCompile Include="app_modules\gui\gui_menu_pause.cpp">
      <Filter>app_modules\gui</Filter>
    </ClCompile>
    <ClCompile Include="app_modules\gui\gui_button_std.cpp">
      <Filter>app_modules\gui</Filter>
    </ClCompile>
    <ClCompile Include="render\fx\GuardShots.cpp">
      <Filter>render\fx</Filter>
    </ClCompile>
  </ItemGroup>
  <ItemGroup>
    <ClInclude Include="windows\app.h">
      <Filter>windows</Filter>
    </ClInclude>
    <ClInclude Include="mcv_platform.h" />
    <ClInclude Include="geometry\SimpleMath.h">
      <Filter>geometry</Filter>
    </ClInclude>
    <ClInclude Include="geometry\geometry.h">
      <Filter>geometry</Filter>
    </ClInclude>
    <ClInclude Include="..\bin\data\shaders\contants\ctes_camera.h">
      <Filter>render\contants</Filter>
    </ClInclude>
    <ClInclude Include="render\shaders.h">
      <Filter>render</Filter>
    </ClInclude>
    <ClInclude Include="render\render.h">
      <Filter>render</Filter>
    </ClInclude>
    <ClInclude Include="render\mesh.h">
      <Filter>render</Filter>
    </ClInclude>
    <ClInclude Include="render\vertex_declarations.h">
      <Filter>render</Filter>
    </ClInclude>
    <ClInclude Include="render\shader_cte.h">
      <Filter>render</Filter>
    </ClInclude>
    <ClInclude Include="..\bin\data\shaders\contants\ctes_object.h">
      <Filter>render\contants</Filter>
    </ClInclude>
    <ClInclude Include="camera\camera.h">
      <Filter>camera</Filter>
    </ClInclude>
    <ClInclude Include="utils\utils.h">
      <Filter>utils</Filter>
    </ClInclude>
    <ClInclude Include="app_modules\app_module.h">
      <Filter>app_modules</Filter>
    </ClInclude>
    <ClInclude Include="geometry\transform.h">
      <Filter>geometry</Filter>
    </ClInclude>
    <ClInclude Include="geometry\angular.h">
      <Filter>geometry</Filter>
    </ClInclude>
    <ClInclude Include="resources\resources_manager.h">
      <Filter>resources</Filter>
    </ClInclude>
    <ClInclude Include="resources\resource.h">
      <Filter>resources</Filter>
    </ClInclude>
    <ClInclude Include="utils\data_provider.h">
      <Filter>utils</Filter>
    </ClInclude>
    <ClInclude Include="render\technique.h">
      <Filter>render</Filter>
    </ClInclude>
    <ClInclude Include="render\texture.h">
      <Filter>render</Filter>
    </ClInclude>
    <ClInclude Include="render\DDSTextureLoader.h">
      <Filter>render</Filter>
    </ClInclude>
    <ClInclude Include="render\gpu_trace.h">
      <Filter>render</Filter>
    </ClInclude>
    <ClInclude Include="handle\handle.h">
      <Filter>handle</Filter>
    </ClInclude>
    <ClInclude Include="handle\handle_manager.h">
      <Filter>handle</Filter>
    </ClInclude>
    <ClInclude Include="handle\object_manager.h">
      <Filter>handle</Filter>
    </ClInclude>
    <ClInclude Include="components\comp_name.h">
      <Filter>components</Filter>
    </ClInclude>
    <ClInclude Include="components\comp_transform.h">
      <Filter>components</Filter>
    </ClInclude>
    <ClInclude Include="components\comp_life.h">
      <Filter>components</Filter>
    </ClInclude>
    <ClInclude Include="components\components.h">
      <Filter>components</Filter>
    </ClInclude>
    <ClInclude Include="components\entity.h">
      <Filter>components</Filter>
    </ClInclude>
    <ClInclude Include="app_modules\entities.h">
      <Filter>app_modules</Filter>
    </ClInclude>
    <ClInclude Include="components\comp_base.h">
      <Filter>components</Filter>
    </ClInclude>
    <ClInclude Include="utils\XMLParser.h">
      <Filter>utils</Filter>
    </ClInclude>
    <ClInclude Include="components\entity_parser.h">
      <Filter>components</Filter>
    </ClInclude>
    <ClInclude Include="handle\msgs.h">
      <Filter>handle</Filter>
    </ClInclude>
    <ClInclude Include="components\comp_msgs.h">
      <Filter>components</Filter>
    </ClInclude>
    <ClInclude Include="components\entity_tags.h">
      <Filter>components</Filter>
    </ClInclude>
    <ClInclude Include="utils\murmur3.h">
      <Filter>utils</Filter>
    </ClInclude>
    <ClInclude Include="components\comp_camera.h">
      <Filter>components</Filter>
    </ClInclude>
    <ClInclude Include="components\comp_controller_3rd_person.h">
      <Filter>components</Filter>
    </ClInclude>
    <ClInclude Include="app_modules\imgui\module_imgui.h">
      <Filter>app_modules\imgui</Filter>
    </ClInclude>
    <ClInclude Include="render\material.h">
      <Filter>render</Filter>
    </ClInclude>
    <ClInclude Include="render\static_mesh.h">
      <Filter>render</Filter>
    </ClInclude>
    <ClInclude Include="components\comp_render_static_mesh.h">
      <Filter>components</Filter>
    </ClInclude>
    <ClInclude Include="render\render_manager.h">
      <Filter>render</Filter>
    </ClInclude>
    <ClInclude Include="logic\sbb.h">
      <Filter>logic</Filter>
    </ClInclude>
    <ClInclude Include="logic\bt_speedy.h">
      <Filter>logic</Filter>
    </ClInclude>
    <ClInclude Include="logic\aicontroller.h">
      <Filter>logic</Filter>
    </ClInclude>
    <ClInclude Include="logic\bt_mole.h">
      <Filter>logic</Filter>
    </ClInclude>
    <ClInclude Include="logic\ai_beacon.h">
      <Filter>logic</Filter>
    </ClInclude>
    <ClInclude Include="logic\ai_scientific.h">
      <Filter>logic</Filter>
    </ClInclude>
    <ClInclude Include="logic\bt_guard.h">
      <Filter>logic</Filter>
    </ClInclude>
    <ClInclude Include="logic\bt_poss.h">
      <Filter>logic</Filter>
    </ClInclude>
    <ClInclude Include="utils\macros\macros.h">
      <Filter>utils\macros</Filter>
    </ClInclude>
    <ClInclude Include="utils\macros\timers.h">
      <Filter>utils\macros</Filter>
    </ClInclude>
    <ClInclude Include="prefabs\static_bomb.h">
      <Filter>prefabs</Filter>
    </ClInclude>
    <ClInclude Include="prefabs\magnetic_bomb.h">
      <Filter>prefabs</Filter>
    </ClInclude>
    <ClInclude Include="ui\ui_interface.h">
      <Filter>UI</Filter>
    </ClInclude>
    <ClInclude Include="player_controllers\player_controller_cientifico.h">
      <Filter>player controllers</Filter>
    </ClInclude>
    <ClInclude Include="player_controllers\player_controller_mole.h">
      <Filter>player controllers</Filter>
    </ClInclude>
    <ClInclude Include="player_controllers\player_controller_speedy.h">
      <Filter>player controllers</Filter>
    </ClInclude>
    <ClInclude Include="player_controllers\poss_controller.h">
      <Filter>player controllers</Filter>
    </ClInclude>
    <ClInclude Include="player_controllers\player_controller.h">
      <Filter>player controllers</Filter>
    </ClInclude>
    <ClInclude Include="player_controllers\player_controller_base.h">
      <Filter>player controllers</Filter>
    </ClInclude>
    <ClInclude Include="logic\ai_workbench.h">
      <Filter>logic</Filter>
    </ClInclude>
    <ClInclude Include="app_modules\io\digital_button.h">
      <Filter>app_modules\io</Filter>
    </ClInclude>
    <ClInclude Include="app_modules\io\io.h">
      <Filter>app_modules\io</Filter>
    </ClInclude>
    <ClInclude Include="app_modules\io\keyboard.h">
      <Filter>app_modules\io</Filter>
    </ClInclude>
    <ClInclude Include="app_modules\io\mouse.h">
      <Filter>app_modules\io</Filter>
    </ClInclude>
    <ClInclude Include="logic\ai_water.h">
      <Filter>logic</Filter>
    </ClInclude>
    <ClInclude Include="app_modules\io\joystick.h">
      <Filter>app_modules\io</Filter>
    </ClInclude>
    <ClInclude Include="components\comp_wire.h">
      <Filter>components</Filter>
    </ClInclude>
    <ClInclude Include="components\comp_generator.h">
      <Filter>components</Filter>
    </ClInclude>
    <ClInclude Include="profiling\profiling.h">
      <Filter>profiling</Filter>
    </ClInclude>
    <ClInclude Include="Physx\physx_manager.h">
      <Filter>physx</Filter>
    </ClInclude>
    <ClInclude Include="components\comp_charactercontroller.h">
      <Filter>components</Filter>
    </ClInclude>
    <ClInclude Include="components\comp_physics.h">
      <Filter>components</Filter>
    </ClInclude>
    <ClInclude Include="logic\bt.h">
      <Filter>logic</Filter>
    </ClInclude>
    <ClInclude Include="logic\btnode.h">
      <Filter>logic</Filter>
    </ClInclude>
    <ClInclude Include="logic\ai_guard.h">
      <Filter>logic_old</Filter>
    </ClInclude>
    <ClInclude Include="logic\ai_mole.h">
      <Filter>logic_old</Filter>
    </ClInclude>
    <ClInclude Include="logic\ai_poss.h">
      <Filter>logic_old</Filter>
    </ClInclude>
    <ClInclude Include="logic\ai_speedy.h">
      <Filter>logic_old</Filter>
    </ClInclude>
    <ClInclude Include="input\input.h">
      <Filter>input</Filter>
    </ClInclude>
    <ClInclude Include="input\input_manager.h">
      <Filter>input</Filter>
    </ClInclude>
    <ClInclude Include="recast\navmesh.h">
      <Filter>recast</Filter>
    </ClInclude>
    <ClInclude Include="recast\navmesh_builder.h">
      <Filter>recast</Filter>
    </ClInclude>
    <ClInclude Include="recast\navmesh_input.h">
      <Filter>recast</Filter>
    </ClInclude>
    <ClInclude Include="recast\navmesh_query.h">
      <Filter>recast</Filter>
    </ClInclude>
    <ClInclude Include="recast\PerfTimer.h">
      <Filter>recast</Filter>
    </ClInclude>
    <ClInclude Include="recast\Recast\Include\Recast.h">
      <Filter>recast\Recast\Include</Filter>
    </ClInclude>
    <ClInclude Include="recast\Recast\Include\RecastAlloc.h">
      <Filter>recast\Recast\Include</Filter>
    </ClInclude>
    <ClInclude Include="recast\Recast\Include\RecastAssert.h">
      <Filter>recast\Recast\Include</Filter>
    </ClInclude>
    <ClInclude Include="recast\DetourCrowd\Include\DetourLocalBoundary.h">
      <Filter>recast\DetourCrowd\Include</Filter>
    </ClInclude>
    <ClInclude Include="recast\DetourCrowd\Include\DetourObstacleAvoidance.h">
      <Filter>recast\DetourCrowd\Include</Filter>
    </ClInclude>
    <ClInclude Include="recast\DetourCrowd\Include\DetourPathCorridor.h">
      <Filter>recast\DetourCrowd\Include</Filter>
    </ClInclude>
    <ClInclude Include="recast\DetourCrowd\Include\DetourPathQueue.h">
      <Filter>recast\DetourCrowd\Include</Filter>
    </ClInclude>
    <ClInclude Include="recast\DetourCrowd\Include\DetourProximityGrid.h">
      <Filter>recast\DetourCrowd\Include</Filter>
    </ClInclude>
    <ClInclude Include="recast\DetourCrowd\Include\DetourCrowd.h">
      <Filter>recast\DetourCrowd\Include</Filter>
    </ClInclude>
    <ClInclude Include="recast\DetourTileCache\Include\DetourTileCache.h">
      <Filter>recast\DetourTileCache\Include</Filter>
    </ClInclude>
    <ClInclude Include="recast\DetourTileCache\Include\DetourTileCacheBuilder.h">
      <Filter>recast\DetourTileCache\Include</Filter>
    </ClInclude>
    <ClInclude Include="recast\DebugUtils\Include\DetourDebugDraw.h">
      <Filter>recast\DebugUtils\Include</Filter>
    </ClInclude>
    <ClInclude Include="recast\DebugUtils\Include\RecastDebugDraw.h">
      <Filter>recast\DebugUtils\Include</Filter>
    </ClInclude>
    <ClInclude Include="recast\DebugUtils\Include\RecastDump.h">
      <Filter>recast\DebugUtils\Include</Filter>
    </ClInclude>
    <ClInclude Include="recast\DebugUtils\Include\DebugDraw.h">
      <Filter>recast\DebugUtils\Include</Filter>
    </ClInclude>
    <ClInclude Include="recast\Detour\Include\DetourAlloc.h">
      <Filter>recast\Detour\Include</Filter>
    </ClInclude>
    <ClInclude Include="recast\Detour\Include\DetourAssert.h">
      <Filter>recast\Detour\Include</Filter>
    </ClInclude>
    <ClInclude Include="recast\Detour\Include\DetourCommon.h">
      <Filter>recast\Detour\Include</Filter>
    </ClInclude>
    <ClInclude Include="recast\Detour\Include\DetourMath.h">
      <Filter>recast\Detour\Include</Filter>
    </ClInclude>
    <ClInclude Include="recast\Detour\Include\DetourNavMesh.h">
      <Filter>recast\Detour\Include</Filter>
    </ClInclude>
    <ClInclude Include="recast\Detour\Include\DetourNavMeshBuilder.h">
      <Filter>recast\Detour\Include</Filter>
    </ClInclude>
    <ClInclude Include="recast\Detour\Include\DetourNavMeshQuery.h">
      <Filter>recast\Detour\Include</Filter>
    </ClInclude>
    <ClInclude Include="recast\Detour\Include\DetourNode.h">
      <Filter>recast\Detour\Include</Filter>
    </ClInclude>
    <ClInclude Include="recast\Detour\Include\DetourStatus.h">
      <Filter>recast\Detour\Include</Filter>
    </ClInclude>
    <ClInclude Include="skeleton\comp_skeleton.h">
      <Filter>skeleton</Filter>
    </ClInclude>
    <ClInclude Include="skeleton\skeleton.h">
      <Filter>skeleton</Filter>
    </ClInclude>
    <ClInclude Include="components\comp_polarized.h">
      <Filter>components</Filter>
    </ClInclude>
    <ClInclude Include="components\comp_trigger.h">
      <Filter>components</Filter>
    </ClInclude>
    <ClInclude Include="components\comp_victory_point.h">
      <Filter>components</Filter>
    </ClInclude>
    <ClInclude Include="app_modules\gameController.h">
      <Filter>app_modules\game</Filter>
    </ClInclude>
    <ClInclude Include="SLB\include\SLB\Allocator.hpp">
      <Filter>slb\include\SLB</Filter>
    </ClInclude>
    <ClInclude Include="SLB\include\SLB\Class.hpp">
      <Filter>slb\include\SLB</Filter>
    </ClInclude>
    <ClInclude Include="SLB\include\SLB\ClassHelpers.hpp">
      <Filter>slb\include\SLB</Filter>
    </ClInclude>
    <ClInclude Include="SLB\include\SLB\ClassInfo.hpp">
      <Filter>slb\include\SLB</Filter>
    </ClInclude>
    <ClInclude Include="SLB\include\SLB\Conversor.hpp">
      <Filter>slb\include\SLB</Filter>
    </ClInclude>
    <ClInclude Include="SLB\include\SLB\Debug.hpp">
      <Filter>slb\include\SLB</Filter>
    </ClInclude>
    <ClInclude Include="SLB\include\SLB\Error.hpp">
      <Filter>slb\include\SLB</Filter>
    </ClInclude>
    <ClInclude Include="SLB\include\SLB\Export.hpp">
      <Filter>slb\include\SLB</Filter>
    </ClInclude>
    <ClInclude Include="SLB\include\SLB\FuncCall.hpp">
      <Filter>slb\include\SLB</Filter>
    </ClInclude>
    <ClInclude Include="SLB\include\SLB\FuncCall_inline.hpp">
      <Filter>slb\include\SLB</Filter>
    </ClInclude>
    <ClInclude Include="SLB\include\SLB\Hybrid.hpp">
      <Filter>slb\include\SLB</Filter>
    </ClInclude>
    <ClInclude Include="SLB\include\SLB\Instance.hpp">
      <Filter>slb\include\SLB</Filter>
    </ClInclude>
    <ClInclude Include="SLB\include\SLB\Iterator.hpp">
      <Filter>slb\include\SLB</Filter>
    </ClInclude>
    <ClInclude Include="SLB\include\SLB\lua.hpp">
      <Filter>slb\include\SLB</Filter>
    </ClInclude>
    <ClInclude Include="SLB\include\SLB\LuaCall.hpp">
      <Filter>slb\include\SLB</Filter>
    </ClInclude>
    <ClInclude Include="SLB\include\SLB\Manager.hpp">
      <Filter>slb\include\SLB</Filter>
    </ClInclude>
    <ClInclude Include="SLB\include\SLB\Mutex.hpp">
      <Filter>slb\include\SLB</Filter>
    </ClInclude>
    <ClInclude Include="SLB\include\SLB\Object.hpp">
      <Filter>slb\include\SLB</Filter>
    </ClInclude>
    <ClInclude Include="SLB\include\SLB\Private_FuncCall.hpp">
      <Filter>slb\include\SLB</Filter>
    </ClInclude>
    <ClInclude Include="SLB\include\SLB\Property.hpp">
      <Filter>slb\include\SLB</Filter>
    </ClInclude>
    <ClInclude Include="SLB\include\SLB\PushGet.hpp">
      <Filter>slb\include\SLB</Filter>
    </ClInclude>
    <ClInclude Include="SLB\include\SLB\ref_ptr.hpp">
      <Filter>slb\include\SLB</Filter>
    </ClInclude>
    <ClInclude Include="SLB\include\SLB\Script.hpp">
      <Filter>slb\include\SLB</Filter>
    </ClInclude>
    <ClInclude Include="SLB\include\SLB\SLB.hpp">
      <Filter>slb\include\SLB</Filter>
    </ClInclude>
    <ClInclude Include="SLB\include\SLB\SPP.hpp">
      <Filter>slb\include\SLB</Filter>
    </ClInclude>
    <ClInclude Include="SLB\include\SLB\StatefulHybrid.hpp">
      <Filter>slb\include\SLB</Filter>
    </ClInclude>
    <ClInclude Include="SLB\include\SLB\String.hpp">
      <Filter>slb\include\SLB</Filter>
    </ClInclude>
    <ClInclude Include="SLB\include\SLB\Table.hpp">
      <Filter>slb\include\SLB</Filter>
    </ClInclude>
    <ClInclude Include="SLB\include\SLB\Type.hpp">
      <Filter>slb\include\SLB</Filter>
    </ClInclude>
    <ClInclude Include="SLB\include\SLB\TypeInfoWrapper.hpp">
      <Filter>slb\include\SLB</Filter>
    </ClInclude>
    <ClInclude Include="SLB\include\SLB\util.hpp">
      <Filter>slb\include\SLB</Filter>
    </ClInclude>
    <ClInclude Include="SLB\include\SLB\Value.hpp">
      <Filter>slb\include\SLB</Filter>
    </ClInclude>
    <ClInclude Include="SLB\include\SLB\lua\lauxlib.h">
      <Filter>slb\include\SLB\lua</Filter>
    </ClInclude>
    <ClInclude Include="SLB\include\SLB\lua\lua.h">
      <Filter>slb\include\SLB\lua</Filter>
    </ClInclude>
    <ClInclude Include="SLB\include\SLB\lua\luaconf.h">
      <Filter>slb\include\SLB\lua</Filter>
    </ClInclude>
    <ClInclude Include="SLB\include\SLB\lua\lualib.h">
      <Filter>slb\include\SLB\lua</Filter>
    </ClInclude>
    <ClInclude Include="SLB\src\lua\lparser.h">
      <Filter>slb\src\lua</Filter>
    </ClInclude>
    <ClInclude Include="SLB\src\lua\lstate.h">
      <Filter>slb\src\lua</Filter>
    </ClInclude>
    <ClInclude Include="SLB\src\lua\lstring.h">
      <Filter>slb\src\lua</Filter>
    </ClInclude>
    <ClInclude Include="SLB\src\lua\ltable.h">
      <Filter>slb\src\lua</Filter>
    </ClInclude>
    <ClInclude Include="SLB\src\lua\ltm.h">
      <Filter>slb\src\lua</Filter>
    </ClInclude>
    <ClInclude Include="SLB\src\lua\lua.h">
      <Filter>slb\src\lua</Filter>
    </ClInclude>
    <ClInclude Include="SLB\src\lua\luaconf.h">
      <Filter>slb\src\lua</Filter>
    </ClInclude>
    <ClInclude Include="SLB\src\lua\lualib.h">
      <Filter>slb\src\lua</Filter>
    </ClInclude>
    <ClInclude Include="SLB\src\lua\lundump.h">
      <Filter>slb\src\lua</Filter>
    </ClInclude>
    <ClInclude Include="SLB\src\lua\lvm.h">
      <Filter>slb\src\lua</Filter>
    </ClInclude>
    <ClInclude Include="SLB\src\lua\lzio.h">
      <Filter>slb\src\lua</Filter>
    </ClInclude>
    <ClInclude Include="SLB\src\lua\lapi.h">
      <Filter>slb\src\lua</Filter>
    </ClInclude>
    <ClInclude Include="SLB\src\lua\lauxlib.h">
      <Filter>slb\src\lua</Filter>
    </ClInclude>
    <ClInclude Include="SLB\src\lua\lcode.h">
      <Filter>slb\src\lua</Filter>
    </ClInclude>
    <ClInclude Include="SLB\src\lua\lctype.h">
      <Filter>slb\src\lua</Filter>
    </ClInclude>
    <ClInclude Include="SLB\src\lua\ldebug.h">
      <Filter>slb\src\lua</Filter>
    </ClInclude>
    <ClInclude Include="SLB\src\lua\ldo.h">
      <Filter>slb\src\lua</Filter>
    </ClInclude>
    <ClInclude Include="SLB\src\lua\lfunc.h">
      <Filter>slb\src\lua</Filter>
    </ClInclude>
    <ClInclude Include="SLB\src\lua\lgc.h">
      <Filter>slb\src\lua</Filter>
    </ClInclude>
    <ClInclude Include="SLB\src\lua\llex.h">
      <Filter>slb\src\lua</Filter>
    </ClInclude>
    <ClInclude Include="SLB\src\lua\llimits.h">
      <Filter>slb\src\lua</Filter>
    </ClInclude>
    <ClInclude Include="SLB\src\lua\lmem.h">
      <Filter>slb\src\lua</Filter>
    </ClInclude>
    <ClInclude Include="SLB\src\lua\lobject.h">
      <Filter>slb\src\lua</Filter>
    </ClInclude>
    <ClInclude Include="SLB\src\lua\lopcodes.h">
      <Filter>slb\src\lua</Filter>
    </ClInclude>
    <ClInclude Include="..\bin\data\shaders\contants\ctes_bones.h">
      <Filter>render\contants</Filter>
    </ClInclude>
    <ClInclude Include="render\mesh_format.h">
      <Filter>render</Filter>
    </ClInclude>
    <ClInclude Include="render\draw_utils.h">
      <Filter>render</Filter>
    </ClInclude>
    <ClInclude Include="utils\data_saver.h">
      <Filter>utils</Filter>
    </ClInclude>
    <ClInclude Include="..\bin\data\shaders\contants\ctes_platform.h">
      <Filter>render\contants</Filter>
    </ClInclude>
    <ClInclude Include="Physx\ItLightensFilterShader.h">
      <Filter>physx</Filter>
    </ClInclude>
    <ClInclude Include="debug\console.h">
      <Filter>debug</Filter>
    </ClInclude>
    <ClInclude Include="components\comp_platform.h">
      <Filter>components</Filter>
    </ClInclude>
    <ClInclude Include="components\comp_tags.h">
      <Filter>components</Filter>
    </ClInclude>
    <ClInclude Include="skeleton\comp_bone_tracker.h">
      <Filter>skeleton</Filter>
    </ClInclude>
    <ClInclude Include="render\render_config.h">
      <Filter>render</Filter>
    </ClInclude>
    <ClInclude Include="render\render_to_texture.h">
      <Filter>render</Filter>
    </ClInclude>
    <ClInclude Include="app_modules\render\module_render_deferred.h">
      <Filter>app_modules\render</Filter>
    </ClInclude>
    <ClInclude Include="utils\timer.h">
      <Filter>utils</Filter>
    </ClInclude>
    <ClInclude Include="app_modules\logic_manager\logic_manager.h">
      <Filter>app_modules\logic_manager</Filter>
    </ClInclude>
    <ClInclude Include="app_modules\logic_manager\slb_public_functions.h">
      <Filter>app_modules\logic_manager</Filter>
    </ClInclude>
    <ClInclude Include="utils\rapidjson\allocators.h">
      <Filter>utils\rapidjson</Filter>
    </ClInclude>
    <ClInclude Include="utils\rapidjson\document.h">
      <Filter>utils\rapidjson</Filter>
    </ClInclude>
    <ClInclude Include="utils\rapidjson\encodedstream.h">
      <Filter>utils\rapidjson</Filter>
    </ClInclude>
    <ClInclude Include="utils\rapidjson\encodings.h">
      <Filter>utils\rapidjson</Filter>
    </ClInclude>
    <ClInclude Include="utils\rapidjson\filereadstream.h">
      <Filter>utils\rapidjson</Filter>
    </ClInclude>
    <ClInclude Include="utils\rapidjson\filewritestream.h">
      <Filter>utils\rapidjson</Filter>
    </ClInclude>
    <ClInclude Include="utils\rapidjson\fwd.h">
      <Filter>utils\rapidjson</Filter>
    </ClInclude>
    <ClInclude Include="utils\rapidjson\istreamwrapper.h">
      <Filter>utils\rapidjson</Filter>
    </ClInclude>
    <ClInclude Include="utils\rapidjson\memorybuffer.h">
      <Filter>utils\rapidjson</Filter>
    </ClInclude>
    <ClInclude Include="utils\rapidjson\memorystream.h">
      <Filter>utils\rapidjson</Filter>
    </ClInclude>
    <ClInclude Include="utils\rapidjson\ostreamwrapper.h">
      <Filter>utils\rapidjson</Filter>
    </ClInclude>
    <ClInclude Include="utils\rapidjson\pointer.h">
      <Filter>utils\rapidjson</Filter>
    </ClInclude>
    <ClInclude Include="utils\rapidjson\prettywriter.h">
      <Filter>utils\rapidjson</Filter>
    </ClInclude>
    <ClInclude Include="utils\rapidjson\rapidjson.h">
      <Filter>utils\rapidjson</Filter>
    </ClInclude>
    <ClInclude Include="utils\rapidjson\reader.h">
      <Filter>utils\rapidjson</Filter>
    </ClInclude>
    <ClInclude Include="utils\rapidjson\schema.h">
      <Filter>utils\rapidjson</Filter>
    </ClInclude>
    <ClInclude Include="utils\rapidjson\stream.h">
      <Filter>utils\rapidjson</Filter>
    </ClInclude>
    <ClInclude Include="utils\rapidjson\stringbuffer.h">
      <Filter>utils\rapidjson</Filter>
    </ClInclude>
    <ClInclude Include="utils\rapidjson\writer.h">
      <Filter>utils\rapidjson</Filter>
    </ClInclude>
    <ClInclude Include="utils\rapidjson\error\en.h">
      <Filter>utils\rapidjson\error</Filter>
    </ClInclude>
    <ClInclude Include="utils\rapidjson\error\error.h">
      <Filter>utils\rapidjson\error</Filter>
    </ClInclude>
    <ClInclude Include="utils\rapidjson\internal\biginteger.h">
      <Filter>utils\rapidjson\internal</Filter>
    </ClInclude>
    <ClInclude Include="utils\rapidjson\internal\diyfp.h">
      <Filter>utils\rapidjson\internal</Filter>
    </ClInclude>
    <ClInclude Include="utils\rapidjson\internal\dtoa.h">
      <Filter>utils\rapidjson\internal</Filter>
    </ClInclude>
    <ClInclude Include="utils\rapidjson\internal\ieee754.h">
      <Filter>utils\rapidjson\internal</Filter>
    </ClInclude>
    <ClInclude Include="utils\rapidjson\internal\itoa.h">
      <Filter>utils\rapidjson\internal</Filter>
    </ClInclude>
    <ClInclude Include="utils\rapidjson\internal\meta.h">
      <Filter>utils\rapidjson\internal</Filter>
    </ClInclude>
    <ClInclude Include="utils\rapidjson\internal\pow10.h">
      <Filter>utils\rapidjson\internal</Filter>
    </ClInclude>
    <ClInclude Include="utils\rapidjson\internal\regex.h">
      <Filter>utils\rapidjson\internal</Filter>
    </ClInclude>
    <ClInclude Include="utils\rapidjson\internal\stack.h">
      <Filter>utils\rapidjson\internal</Filter>
    </ClInclude>
    <ClInclude Include="utils\rapidjson\internal\strfunc.h">
      <Filter>utils\rapidjson\internal</Filter>
    </ClInclude>
    <ClInclude Include="utils\rapidjson\internal\strtod.h">
      <Filter>utils\rapidjson\internal</Filter>
    </ClInclude>
    <ClInclude Include="utils\rapidjson\internal\swap.h">
      <Filter>utils\rapidjson\internal</Filter>
    </ClInclude>
    <ClInclude Include="utils\rapidjson\msinttypes\inttypes.h">
      <Filter>utils\rapidjson\msinttypes</Filter>
    </ClInclude>
    <ClInclude Include="utils\rapidjson\msinttypes\stdint.h">
      <Filter>utils\rapidjson\msinttypes</Filter>
    </ClInclude>
    <ClInclude Include="debug\debug_itlightens.h">
      <Filter>debug</Filter>
    </ClInclude>
    <ClInclude Include="components\comp_box.h">
      <Filter>components</Filter>
    </ClInclude>
    <ClInclude Include="components\comp_trigger_lua.h">
      <Filter>components</Filter>
    </ClInclude>
    <ClInclude Include="components\comp_box_spawner.h">
      <Filter>components</Filter>
    </ClInclude>
    <ClInclude Include="components\comp_box_destructor.h">
      <Filter>components</Filter>
    </ClInclude>
    <ClInclude Include="components\comp_trigger_standar.h">
      <Filter>components</Filter>
    </ClInclude>
    <ClInclude Include="components\comp_tracker.h">
      <Filter>components</Filter>
    </ClInclude>
    <ClInclude Include="logic\damage.h">
      <Filter>logic</Filter>
    </ClInclude>
    <ClInclude Include="app_modules\gui\gui.h">
      <Filter>app_modules\gui</Filter>
    </ClInclude>
    <ClInclude Include="app_modules\gui\gui_bar_color.h">
      <Filter>app_modules\gui</Filter>
    </ClInclude>
    <ClInclude Include="app_modules\gui\gui_utils.h">
      <Filter>app_modules\gui</Filter>
    </ClInclude>
    <ClInclude Include="app_modules\gameData.h">
      <Filter>app_modules\game</Filter>
    </ClInclude>
    <ClInclude Include="app_modules\gui\gui_hud_player.h">
      <Filter>app_modules\gui</Filter>
    </ClInclude>
    <ClInclude Include="components\comp_light_dir.h">
      <Filter>components</Filter>
    </ClInclude>
    <ClInclude Include="components\comp_light_point.h">
      <Filter>components</Filter>
    </ClInclude>
    <ClInclude Include="utils\directory_watcher.h">
      <Filter>components</Filter>
    </ClInclude>
    <ClInclude Include="imgui\imgui_internal.h">
      <Filter>app_modules\imgui</Filter>
    </ClInclude>
    <ClInclude Include="app_modules\gui\gui_menu_pause.h">
      <Filter>app_modules\gui</Filter>
    </ClInclude>
    <ClInclude Include="app_modules\gui\gui_button.h">
      <Filter>app_modules\gui</Filter>
    </ClInclude>
    <ClInclude Include="app_modules\gui\gui_button_std.h">
      <Filter>app_modules\gui</Filter>
    </ClInclude>
    <ClInclude Include="app_modules\gui\gui_bar.h">
      <Filter>app_modules\gui</Filter>
    </ClInclude>
    <ClInclude Include="render\fx\GuardShots.h">
      <Filter>render\fx</Filter>
    </ClInclude>
  </ItemGroup>
  <ItemGroup>
    <Filter Include="windows">
      <UniqueIdentifier>{001cbc38-e382-49ea-b01f-ab847fd8b239}</UniqueIdentifier>
    </Filter>
    <Filter Include="render">
      <UniqueIdentifier>{79867027-4de9-4a41-839a-f7ac987877eb}</UniqueIdentifier>
    </Filter>
    <Filter Include="render\shaders">
      <UniqueIdentifier>{865620ba-b159-49d0-b912-472a7603202c}</UniqueIdentifier>
    </Filter>
    <Filter Include="render\contants">
      <UniqueIdentifier>{041c6fc5-2054-4e63-89c3-0c4c613bfe99}</UniqueIdentifier>
    </Filter>
    <Filter Include="geometry">
      <UniqueIdentifier>{6ac4c3d5-f010-4f38-8161-11f5beca9294}</UniqueIdentifier>
    </Filter>
    <Filter Include="camera">
      <UniqueIdentifier>{6f0e8ec0-5e28-4a72-b8ad-5068fa08a148}</UniqueIdentifier>
    </Filter>
    <Filter Include="utils">
      <UniqueIdentifier>{1a5a9721-edf4-4f64-957a-2614f294e850}</UniqueIdentifier>
    </Filter>
    <Filter Include="app_modules">
      <UniqueIdentifier>{3a68156c-79c6-4d40-831a-f41e0c500f3e}</UniqueIdentifier>
    </Filter>
    <Filter Include="app_modules\imgui">
      <UniqueIdentifier>{222bef3f-9c9a-4b7f-a555-d2c6fdefa764}</UniqueIdentifier>
    </Filter>
    <Filter Include="resources">
      <UniqueIdentifier>{90846d98-0941-418d-a528-2b382364908b}</UniqueIdentifier>
    </Filter>
    <Filter Include="handle">
      <UniqueIdentifier>{25e1c770-b496-4456-b7de-0b47ea5c1269}</UniqueIdentifier>
    </Filter>
    <Filter Include="components">
      <UniqueIdentifier>{5a7d102a-03ba-405e-aed4-7c7755e28674}</UniqueIdentifier>
    </Filter>
    <Filter Include="expat">
      <UniqueIdentifier>{269512a1-bbd5-4af1-a1ba-e05207790f05}</UniqueIdentifier>
    </Filter>
    <Filter Include="logic">
      <UniqueIdentifier>{c4cefe0b-fafc-4e30-a6e2-9cc68d3649da}</UniqueIdentifier>
    </Filter>
    <Filter Include="debug">
      <UniqueIdentifier>{f4e9f4d5-b47f-481a-9c6f-9354de3f32da}</UniqueIdentifier>
    </Filter>
    <Filter Include="utils\macros">
      <UniqueIdentifier>{133787e7-f6f1-4496-90da-f6746ea1ce49}</UniqueIdentifier>
    </Filter>
    <Filter Include="prefabs">
      <UniqueIdentifier>{a908d031-f6a7-4027-840a-0933d76ea3ed}</UniqueIdentifier>
    </Filter>
    <Filter Include="UI">
      <UniqueIdentifier>{d0d8f167-b256-424f-8d29-b8b8ca895ce6}</UniqueIdentifier>
    </Filter>
    <Filter Include="player controllers">
      <UniqueIdentifier>{015f2a57-fefa-4062-9950-b4b729347030}</UniqueIdentifier>
    </Filter>
    <Filter Include="app_modules\io">
      <UniqueIdentifier>{a9e4179a-d89e-4a4d-86a7-45f6f384b662}</UniqueIdentifier>
    </Filter>
    <Filter Include="profiling">
      <UniqueIdentifier>{77cfda78-8c78-4cd8-a585-4925331cc637}</UniqueIdentifier>
    </Filter>
    <Filter Include="physx">
      <UniqueIdentifier>{16d1a48c-1e04-411f-8706-8555b3d2c0b9}</UniqueIdentifier>
    </Filter>
    <Filter Include="logic_old">
      <UniqueIdentifier>{cfd37209-5b4f-484a-a06d-56d3541bf572}</UniqueIdentifier>
    </Filter>
    <Filter Include="input">
      <UniqueIdentifier>{3cada1c5-734d-4cb7-a898-3db5437867da}</UniqueIdentifier>
    </Filter>
    <Filter Include="recast">
      <UniqueIdentifier>{d6093316-e00e-4813-91b6-fa40da65dc5c}</UniqueIdentifier>
    </Filter>
    <Filter Include="recast\Recast">
      <UniqueIdentifier>{e00cc453-1060-4246-a207-05c9d3cd0424}</UniqueIdentifier>
    </Filter>
    <Filter Include="recast\DetourTileCache">
      <UniqueIdentifier>{c5e499c1-60ec-4f7a-9690-600b9c3da177}</UniqueIdentifier>
    </Filter>
    <Filter Include="recast\DetourCrowd">
      <UniqueIdentifier>{36ecf22d-167f-4e82-82b4-49b02e910872}</UniqueIdentifier>
    </Filter>
    <Filter Include="recast\Detour">
      <UniqueIdentifier>{cb5b4c34-8d27-4ded-9343-6012adcb15b1}</UniqueIdentifier>
    </Filter>
    <Filter Include="recast\DebugUtils">
      <UniqueIdentifier>{689b6404-9d5d-4a26-9675-0624ba57dccd}</UniqueIdentifier>
    </Filter>
    <Filter Include="recast\Recast\Include">
      <UniqueIdentifier>{8f5f5536-06c0-4703-9692-b932c4e8584c}</UniqueIdentifier>
    </Filter>
    <Filter Include="recast\DebugUtils\Include">
      <UniqueIdentifier>{acf42c1a-8120-417f-862a-9e983ef297ff}</UniqueIdentifier>
    </Filter>
    <Filter Include="recast\Detour\Include">
      <UniqueIdentifier>{10d421f6-0885-470c-99a1-432e90db5a70}</UniqueIdentifier>
    </Filter>
    <Filter Include="recast\DetourCrowd\Include">
      <UniqueIdentifier>{2ae2ceca-67ae-4881-86fa-42eeb019524c}</UniqueIdentifier>
    </Filter>
    <Filter Include="recast\DetourTileCache\Include">
      <UniqueIdentifier>{c5740e68-c15a-4bdc-b121-e1e2e3d37b3a}</UniqueIdentifier>
    </Filter>
    <Filter Include="recast\DetourTileCache\Source">
      <UniqueIdentifier>{d43e6a1d-c95b-4a9a-83b4-03978af9bae1}</UniqueIdentifier>
    </Filter>
    <Filter Include="recast\DetourCrowd\Source">
      <UniqueIdentifier>{ac40f018-a7a3-424e-b4e2-9dcee46ec1f4}</UniqueIdentifier>
    </Filter>
    <Filter Include="recast\Detour\Source">
      <UniqueIdentifier>{d3d004a6-e7cf-421c-ab72-3a817f8dad47}</UniqueIdentifier>
    </Filter>
    <Filter Include="recast\DebugUtils\Source">
      <UniqueIdentifier>{949106e5-324a-47c3-a38e-fdec867045a7}</UniqueIdentifier>
    </Filter>
    <Filter Include="recast\Recast\Source">
      <UniqueIdentifier>{ac634405-f7d5-4af0-af9a-2fb16b5c7da5}</UniqueIdentifier>
    </Filter>
    <Filter Include="skeleton">
      <UniqueIdentifier>{b91640c3-0058-40ee-b94f-108a7884bd1c}</UniqueIdentifier>
    </Filter>
    <Filter Include="app_modules\game">
      <UniqueIdentifier>{cbacce40-a6c6-44fb-95a1-bcfa4dbfeab9}</UniqueIdentifier>
    </Filter>
    <Filter Include="slb">
      <UniqueIdentifier>{7a151aba-ae83-4721-a1ee-2138e434fd04}</UniqueIdentifier>
    </Filter>
    <Filter Include="slb\include">
      <UniqueIdentifier>{37534ed8-ca7a-4ef0-a557-ab176e15b55a}</UniqueIdentifier>
    </Filter>
    <Filter Include="slb\include\SLB">
      <UniqueIdentifier>{978e199a-de05-4da0-8374-2005b1b67ed1}</UniqueIdentifier>
    </Filter>
    <Filter Include="slb\include\SLB\lua">
      <UniqueIdentifier>{d35db151-d749-4cac-81a8-60812245ad4a}</UniqueIdentifier>
    </Filter>
    <Filter Include="slb\src">
      <UniqueIdentifier>{80627af8-b34b-4b65-9691-139b3a0e470c}</UniqueIdentifier>
    </Filter>
    <Filter Include="slb\src\lua">
      <UniqueIdentifier>{91188a86-0ddf-46b8-8e3e-ff46e7f5cbc0}</UniqueIdentifier>
    </Filter>
    <Filter Include="app_modules\render">
      <UniqueIdentifier>{8ad41bdc-bebe-4172-833d-05296e9cebe5}</UniqueIdentifier>
    </Filter>
    <Filter Include="app_modules\logic_manager">
      <UniqueIdentifier>{224fc8a4-4ae1-4cb8-a9ef-6fa325768a77}</UniqueIdentifier>
    </Filter>
    <Filter Include="utils\rapidjson">
      <UniqueIdentifier>{ba8962c2-9f5f-4fa0-a782-c4a102bcfa92}</UniqueIdentifier>
    </Filter>
    <Filter Include="utils\rapidjson\error">
      <UniqueIdentifier>{72cf1885-046a-4e6e-86c3-7d2771526fa1}</UniqueIdentifier>
    </Filter>
    <Filter Include="utils\rapidjson\internal">
      <UniqueIdentifier>{26c46c72-12a6-4152-ae7d-120570f309fa}</UniqueIdentifier>
    </Filter>
    <Filter Include="utils\rapidjson\msinttypes">
      <UniqueIdentifier>{7d410083-59bf-4880-a82b-b4e8e3483964}</UniqueIdentifier>
    </Filter>
    <Filter Include="app_modules\gui">
      <UniqueIdentifier>{063e8cb1-512e-494c-a79a-0f13c83dfb31}</UniqueIdentifier>
    </Filter>
    <Filter Include="render\fx">
      <UniqueIdentifier>{9d0f3ef4-490d-4188-99c0-692744ec2cc1}</UniqueIdentifier>
    </Filter>
  </ItemGroup>
  <ItemGroup>
    <FxCompile Include="..\bin\data\shaders\basic.fx">
      <Filter>render\shaders</Filter>
    </FxCompile>
    <FxCompile Include="..\bin\data\shaders\skin.fx">
      <Filter>render\shaders</Filter>
    </FxCompile>
  </ItemGroup>
  <ItemGroup>
    <None Include="geometry\SimpleMath.inl">
      <Filter>geometry</Filter>
    </None>
  </ItemGroup>
  <ItemGroup>
    <Text Include="NOTES.txt" />
  </ItemGroup>
</Project>