
Microsoft Visual Studio Solution File, Format Version 11.00
# Visual Studio 2012
Project("{8BC9CEB8-8B4A-11D0-8D11-00A0C91BC942}") = "3d", "3d.vcxproj", "{B63A36BC-BC94-4FAC-B544-DCCF694F1910}"
EndProject
Project("{8BC9CEB8-8B4A-11D0-8D11-00A0C91BC942}") = "asyncio", "asyncio.vcxproj", "{E227797C-152F-453F-855C-16E91807AA00}"
EndProject
Project("{8BC9CEB8-8B4A-11D0-8D11-00A0C91BC942}") = "channel_groups", "channel_groups.vcxproj", "{025ABCC8-443A-4459-AF0B-3E19A89DD505}"
EndProject
Project("{8BC9CEB8-8B4A-11D0-8D11-00A0C91BC942}") = "convolution_reverb", "convolution_reverb.vcxproj", "{680937DB-33C9-4DFE-B12A-1861820C9378}"
EndProject
Project("{8BC9CEB8-8B4A-11D0-8D11-00A0C91BC942}") = "dsp_custom", "dsp_custom.vcxproj", "{B258F567-9F3D-45ED-B918-F4C7153E6D85}"
EndProject
Project("{8BC9CEB8-8B4A-11D0-8D11-00A0C91BC942}") = "dsp_effect_per_speaker", "dsp_effect_per_speaker.vcxproj", "{A957ED53-70C2-4D4D-A2E6-E2377D0AB1DC}"
EndProject
Project("{8BC9CEB8-8B4A-11D0-8D11-00A0C91BC942}") = "dsp_inspector", "dsp_inspector.vcxproj", "{44E5D46A-F8F1-492B-B5A5-86FBAD3502C0}"
EndProject
Project("{8BC9CEB8-8B4A-11D0-8D11-00A0C91BC942}") = "effects", "effects.vcxproj", "{6F0C6222-317B-4C52-AFCE-36A3B3773692}"
EndProject
Project("{8BC9CEB8-8B4A-11D0-8D11-00A0C91BC942}") = "gapless_playback", "gapless_playback.vcxproj", "{5C418693-6211-4EDE-9E59-7B00E5E3C14F}"
EndProject
Project("{8BC9CEB8-8B4A-11D0-8D11-00A0C91BC942}") = "generate_tone", "generate_tone.vcxproj", "{7F3F02AE-7D40-4BCB-A2E4-FACB101B11CE}"
EndProject
Project("{8BC9CEB8-8B4A-11D0-8D11-00A0C91BC942}") = "granular_synth", "granular_synth.vcxproj", "{F695563A-6EC2-42CB-9B98-256AAF48E59F}"
EndProject
Project("{8BC9CEB8-8B4A-11D0-8D11-00A0C91BC942}") = "load_from_memory", "load_from_memory.vcxproj", "{2CA50818-2529-4B10-A583-50BA12FC5118}"
EndProject
Project("{8BC9CEB8-8B4A-11D0-8D11-00A0C91BC942}") = "multiple_speaker", "multiple_speaker.vcxproj", "{2CEA72AA-D88A-41C6-8A5C-4E2D0EF31DC4}"
EndProject
Project("{8BC9CEB8-8B4A-11D0-8D11-00A0C91BC942}") = "multiple_system", "multiple_system.vcxproj", "{96C165FC-EE55-4661-A716-D8A0E42F22F0}"
EndProject
Project("{8BC9CEB8-8B4A-11D0-8D11-00A0C91BC942}") = "net_stream", "net_stream.vcxproj", "{3CA403F4-0DD9-4027-90D2-2FD9235BAB76}"
EndProject
Project("{8BC9CEB8-8B4A-11D0-8D11-00A0C91BC942}") = "play_sound", "play_sound.vcxproj", "{0EEDA5B7-6C4E-44CF-AF77-9DEBA681813E}"
EndProject
Project("{8BC9CEB8-8B4A-11D0-8D11-00A0C91BC942}") = "play_stream", "play_stream.vcxproj", "{CF8F5C7F-23A2-41A0-9D44-F8DAA558734C}"
EndProject
Project("{8BC9CEB8-8B4A-11D0-8D11-00A0C91BC942}") = "record", "record.vcxproj", "{AD6404D4-700D-4269-ACDA-A01F44D4F62C}"
EndProject
Project("{8BC9CEB8-8B4A-11D0-8D11-00A0C91BC942}") = "record_enumeration", "record_enumeration.vcxproj", "{3F469182-0A86-48D6-BAF7-042B77CA15C2}"
EndProject
Project("{8BC9CEB8-8B4A-11D0-8D11-00A0C91BC942}") = "user_created_sound", "user_created_sound.vcxproj", "{FBCB1F03-50AB-4160-AE1F-14D375981856}"
EndProject
Project("{8BC9CEB8-8B4A-11D0-8D11-00A0C91BC942}") = "fmod_codec_raw", "fmod_codec_raw.vcxproj", "{C522F6BD-F77D-4B84-BFF3-969DA13901F2}"
EndProject
Project("{8BC9CEB8-8B4A-11D0-8D11-00A0C91BC942}") = "fmod_distance_filter", "fmod_distance_filter.vcxproj", "{3053783D-087D-484C-8C34-0C9FF333B888}"
EndProject
Project("{8BC9CEB8-8B4A-11D0-8D11-00A0C91BC942}") = "fmod_gain", "fmod_gain.vcxproj", "{BAF0D294-B53E-49C6-85E5-410020FE8612}"
EndProject
Project("{8BC9CEB8-8B4A-11D0-8D11-00A0C91BC942}") = "fmod_noise", "fmod_noise.vcxproj", "{40AC780E-470A-4657-A27B-D203A20F5FBF}"
EndProject
Project("{8BC9CEB8-8B4A-11D0-8D11-00A0C91BC942}") = "output_mp3", "output_mp3.vcxproj", "{5B8AA592-93BF-474C-B1FC-2B377863CA91}"
EndProject
Global
	GlobalSection(SolutionConfigurationPlatforms) = preSolution
		Debug|Win32 = Debug|Win32
		Debug|x64 = Debug|x64
		Release|Win32 = Release|Win32
		Release|x64 = Release|x64
	EndGlobalSection
	GlobalSection(ProjectConfigurationPlatforms) = postSolution
		{B63A36BC-BC94-4FAC-B544-DCCF694F1910}.Debug|Win32.ActiveCfg = Debug|Win32
		{B63A36BC-BC94-4FAC-B544-DCCF694F1910}.Debug|Win32.Build.0 = Debug|Win32
		{B63A36BC-BC94-4FAC-B544-DCCF694F1910}.Debug|Win32.Deploy.0 = Debug|Win32
		{B63A36BC-BC94-4FAC-B544-DCCF694F1910}.Debug|x64.ActiveCfg = Debug|x64
		{B63A36BC-BC94-4FAC-B544-DCCF694F1910}.Debug|x64.Build.0 = Debug|x64
		{B63A36BC-BC94-4FAC-B544-DCCF694F1910}.Debug|x64.Deploy.0 = Debug|x64
		{B63A36BC-BC94-4FAC-B544-DCCF694F1910}.Release|Win32.ActiveCfg = Release|Win32
		{B63A36BC-BC94-4FAC-B544-DCCF694F1910}.Release|Win32.Build.0 = Release|Win32
		{B63A36BC-BC94-4FAC-B544-DCCF694F1910}.Release|Win32.Deploy.0 = Release|Win32
		{B63A36BC-BC94-4FAC-B544-DCCF694F1910}.Release|x64.ActiveCfg = Release|x64
		{B63A36BC-BC94-4FAC-B544-DCCF694F1910}.Release|x64.Build.0 = Release|x64
		{B63A36BC-BC94-4FAC-B544-DCCF694F1910}.Release|x64.Deploy.0 = Release|x64
		{E227797C-152F-453F-855C-16E91807AA00}.Debug|Win32.ActiveCfg = Debug|Win32
		{E227797C-152F-453F-855C-16E91807AA00}.Debug|Win32.Build.0 = Debug|Win32
		{E227797C-152F-453F-855C-16E91807AA00}.Debug|Win32.Deploy.0 = Debug|Win32
		{E227797C-152F-453F-855C-16E91807AA00}.Debug|x64.ActiveCfg = Debug|x64
		{E227797C-152F-453F-855C-16E91807AA00}.Debug|x64.Build.0 = Debug|x64
		{E227797C-152F-453F-855C-16E91807AA00}.Debug|x64.Deploy.0 = Debug|x64
		{E227797C-152F-453F-855C-16E91807AA00}.Release|Win32.ActiveCfg = Release|Win32
		{E227797C-152F-453F-855C-16E91807AA00}.Release|Win32.Build.0 = Release|Win32
		{E227797C-152F-453F-855C-16E91807AA00}.Release|Win32.Deploy.0 = Release|Win32
		{E227797C-152F-453F-855C-16E91807AA00}.Release|x64.ActiveCfg = Release|x64
		{E227797C-152F-453F-855C-16E91807AA00}.Release|x64.Build.0 = Release|x64
		{E227797C-152F-453F-855C-16E91807AA00}.Release|x64.Deploy.0 = Release|x64
		{025ABCC8-443A-4459-AF0B-3E19A89DD505}.Debug|Win32.ActiveCfg = Debug|Win32
		{025ABCC8-443A-4459-AF0B-3E19A89DD505}.Debug|Win32.Build.0 = Debug|Win32
		{025ABCC8-443A-4459-AF0B-3E19A89DD505}.Debug|Win32.Deploy.0 = Debug|Win32
		{025ABCC8-443A-4459-AF0B-3E19A89DD505}.Debug|x64.ActiveCfg = Debug|x64
		{025ABCC8-443A-4459-AF0B-3E19A89DD505}.Debug|x64.Build.0 = Debug|x64
		{025ABCC8-443A-4459-AF0B-3E19A89DD505}.Debug|x64.Deploy.0 = Debug|x64
		{025ABCC8-443A-4459-AF0B-3E19A89DD505}.Release|Win32.ActiveCfg = Release|Win32
		{025ABCC8-443A-4459-AF0B-3E19A89DD505}.Release|Win32.Build.0 = Release|Win32
		{025ABCC8-443A-4459-AF0B-3E19A89DD505}.Release|Win32.Deploy.0 = Release|Win32
		{025ABCC8-443A-4459-AF0B-3E19A89DD505}.Release|x64.ActiveCfg = Release|x64
		{025ABCC8-443A-4459-AF0B-3E19A89DD505}.Release|x64.Build.0 = Release|x64
		{025ABCC8-443A-4459-AF0B-3E19A89DD505}.Release|x64.Deploy.0 = Release|x64
		{680937DB-33C9-4DFE-B12A-1861820C9378}.Debug|Win32.ActiveCfg = Debug|Win32
		{680937DB-33C9-4DFE-B12A-1861820C9378}.Debug|Win32.Build.0 = Debug|Win32
		{680937DB-33C9-4DFE-B12A-1861820C9378}.Debug|Win32.Deploy.0 = Debug|Win32
		{680937DB-33C9-4DFE-B12A-1861820C9378}.Debug|x64.ActiveCfg = Debug|x64
		{680937DB-33C9-4DFE-B12A-1861820C9378}.Debug|x64.Build.0 = Debug|x64
		{680937DB-33C9-4DFE-B12A-1861820C9378}.Debug|x64.Deploy.0 = Debug|x64
		{680937DB-33C9-4DFE-B12A-1861820C9378}.Release|Win32.ActiveCfg = Release|Win32
		{680937DB-33C9-4DFE-B12A-1861820C9378}.Release|Win32.Build.0 = Release|Win32
		{680937DB-33C9-4DFE-B12A-1861820C9378}.Release|Win32.Deploy.0 = Release|Win32
		{680937DB-33C9-4DFE-B12A-1861820C9378}.Release|x64.ActiveCfg = Release|x64
		{680937DB-33C9-4DFE-B12A-1861820C9378}.Release|x64.Build.0 = Release|x64
		{680937DB-33C9-4DFE-B12A-1861820C9378}.Release|x64.Deploy.0 = Release|x64
		{B258F567-9F3D-45ED-B918-F4C7153E6D85}.Debug|Win32.ActiveCfg = Debug|Win32
		{B258F567-9F3D-45ED-B918-F4C7153E6D85}.Debug|Win32.Build.0 = Debug|Win32
		{B258F567-9F3D-45ED-B918-F4C7153E6D85}.Debug|Win32.Deploy.0 = Debug|Win32
		{B258F567-9F3D-45ED-B918-F4C7153E6D85}.Debug|x64.ActiveCfg = Debug|x64
		{B258F567-9F3D-45ED-B918-F4C7153E6D85}.Debug|x64.Build.0 = Debug|x64
		{B258F567-9F3D-45ED-B918-F4C7153E6D85}.Debug|x64.Deploy.0 = Debug|x64
		{B258F567-9F3D-45ED-B918-F4C7153E6D85}.Release|Win32.ActiveCfg = Release|Win32
		{B258F567-9F3D-45ED-B918-F4C7153E6D85}.Release|Win32.Build.0 = Release|Win32
		{B258F567-9F3D-45ED-B918-F4C7153E6D85}.Release|Win32.Deploy.0 = Release|Win32
		{B258F567-9F3D-45ED-B918-F4C7153E6D85}.Release|x64.ActiveCfg = Release|x64
		{B258F567-9F3D-45ED-B918-F4C7153E6D85}.Release|x64.Build.0 = Release|x64
		{B258F567-9F3D-45ED-B918-F4C7153E6D85}.Release|x64.Deploy.0 = Release|x64
		{A957ED53-70C2-4D4D-A2E6-E2377D0AB1DC}.Debug|Win32.ActiveCfg = Debug|Win32
		{A957ED53-70C2-4D4D-A2E6-E2377D0AB1DC}.Debug|Win32.Build.0 = Debug|Win32
		{A957ED53-70C2-4D4D-A2E6-E2377D0AB1DC}.Debug|Win32.Deploy.0 = Debug|Win32
		{A957ED53-70C2-4D4D-A2E6-E2377D0AB1DC}.Debug|x64.ActiveCfg = Debug|x64
		{A957ED53-70C2-4D4D-A2E6-E2377D0AB1DC}.Debug|x64.Build.0 = Debug|x64
		{A957ED53-70C2-4D4D-A2E6-E2377D0AB1DC}.Debug|x64.Deploy.0 = Debug|x64
		{A957ED53-70C2-4D4D-A2E6-E2377D0AB1DC}.Release|Win32.ActiveCfg = Release|Win32
		{A957ED53-70C2-4D4D-A2E6-E2377D0AB1DC}.Release|Win32.Build.0 = Release|Win32
		{A957ED53-70C2-4D4D-A2E6-E2377D0AB1DC}.Release|Win32.Deploy.0 = Release|Win32
		{A957ED53-70C2-4D4D-A2E6-E2377D0AB1DC}.Release|x64.ActiveCfg = Release|x64
		{A957ED53-70C2-4D4D-A2E6-E2377D0AB1DC}.Release|x64.Build.0 = Release|x64
		{A957ED53-70C2-4D4D-A2E6-E2377D0AB1DC}.Release|x64.Deploy.0 = Release|x64
		{44E5D46A-F8F1-492B-B5A5-86FBAD3502C0}.Debug|Win32.ActiveCfg = Debug|Win32
		{44E5D46A-F8F1-492B-B5A5-86FBAD3502C0}.Debug|Win32.Build.0 = Debug|Win32
		{44E5D46A-F8F1-492B-B5A5-86FBAD3502C0}.Debug|Win32.Deploy.0 = Debug|Win32
		{44E5D46A-F8F1-492B-B5A5-86FBAD3502C0}.Debug|x64.ActiveCfg = Debug|x64
		{44E5D46A-F8F1-492B-B5A5-86FBAD3502C0}.Debug|x64.Build.0 = Debug|x64
		{44E5D46A-F8F1-492B-B5A5-86FBAD3502C0}.Debug|x64.Deploy.0 = Debug|x64
		{44E5D46A-F8F1-492B-B5A5-86FBAD3502C0}.Release|Win32.ActiveCfg = Release|Win32
		{44E5D46A-F8F1-492B-B5A5-86FBAD3502C0}.Release|Win32.Build.0 = Release|Win32
		{44E5D46A-F8F1-492B-B5A5-86FBAD3502C0}.Release|Win32.Deploy.0 = Release|Win32
		{44E5D46A-F8F1-492B-B5A5-86FBAD3502C0}.Release|x64.ActiveCfg = Release|x64
		{44E5D46A-F8F1-492B-B5A5-86FBAD3502C0}.Release|x64.Build.0 = Release|x64
		{44E5D46A-F8F1-492B-B5A5-86FBAD3502C0}.Release|x64.Deploy.0 = Release|x64
		{6F0C6222-317B-4C52-AFCE-36A3B3773692}.Debug|Win32.ActiveCfg = Debug|Win32
		{6F0C6222-317B-4C52-AFCE-36A3B3773692}.Debug|Win32.Build.0 = Debug|Win32
		{6F0C6222-317B-4C52-AFCE-36A3B3773692}.Debug|Win32.Deploy.0 = Debug|Win32
		{6F0C6222-317B-4C52-AFCE-36A3B3773692}.Debug|x64.ActiveCfg = Debug|x64
		{6F0C6222-317B-4C52-AFCE-36A3B3773692}.Debug|x64.Build.0 = Debug|x64
		{6F0C6222-317B-4C52-AFCE-36A3B3773692}.Debug|x64.Deploy.0 = Debug|x64
		{6F0C6222-317B-4C52-AFCE-36A3B3773692}.Release|Win32.ActiveCfg = Release|Win32
		{6F0C6222-317B-4C52-AFCE-36A3B3773692}.Release|Win32.Build.0 = Release|Win32
		{6F0C6222-317B-4C52-AFCE-36A3B3773692}.Release|Win32.Deploy.0 = Release|Win32
		{6F0C6222-317B-4C52-AFCE-36A3B3773692}.Release|x64.ActiveCfg = Release|x64
		{6F0C6222-317B-4C52-AFCE-36A3B3773692}.Release|x64.Build.0 = Release|x64
		{6F0C6222-317B-4C52-AFCE-36A3B3773692}.Release|x64.Deploy.0 = Release|x64
		{5C418693-6211-4EDE-9E59-7B00E5E3C14F}.Debug|Win32.ActiveCfg = Debug|Win32
		{5C418693-6211-4EDE-9E59-7B00E5E3C14F}.Debug|Win32.Build.0 = Debug|Win32
		{5C418693-6211-4EDE-9E59-7B00E5E3C14F}.Debug|Win32.Deploy.0 = Debug|Win32
		{5C418693-6211-4EDE-9E59-7B00E5E3C14F}.Debug|x64.ActiveCfg = Debug|x64
		{5C418693-6211-4EDE-9E59-7B00E5E3C14F}.Debug|x64.Build.0 = Debug|x64
		{5C418693-6211-4EDE-9E59-7B00E5E3C14F}.Debug|x64.Deploy.0 = Debug|x64
		{5C418693-6211-4EDE-9E59-7B00E5E3C14F}.Release|Win32.ActiveCfg = Release|Win32
		{5C418693-6211-4EDE-9E59-7B00E5E3C14F}.Release|Win32.Build.0 = Release|Win32
		{5C418693-6211-4EDE-9E59-7B00E5E3C14F}.Release|Win32.Deploy.0 = Release|Win32
		{5C418693-6211-4EDE-9E59-7B00E5E3C14F}.Release|x64.ActiveCfg = Release|x64
		{5C418693-6211-4EDE-9E59-7B00E5E3C14F}.Release|x64.Build.0 = Release|x64
		{5C418693-6211-4EDE-9E59-7B00E5E3C14F}.Release|x64.Deploy.0 = Release|x64
		{7F3F02AE-7D40-4BCB-A2E4-FACB101B11CE}.Debug|Win32.ActiveCfg = Debug|Win32
		{7F3F02AE-7D40-4BCB-A2E4-FACB101B11CE}.Debug|Win32.Build.0 = Debug|Win32
		{7F3F02AE-7D40-4BCB-A2E4-FACB101B11CE}.Debug|Win32.Deploy.0 = Debug|Win32
		{7F3F02AE-7D40-4BCB-A2E4-FACB101B11CE}.Debug|x64.ActiveCfg = Debug|x64
		{7F3F02AE-7D40-4BCB-A2E4-FACB101B11CE}.Debug|x64.Build.0 = Debug|x64
		{7F3F02AE-7D40-4BCB-A2E4-FACB101B11CE}.Debug|x64.Deploy.0 = Debug|x64
		{7F3F02AE-7D40-4BCB-A2E4-FACB101B11CE}.Release|Win32.ActiveCfg = Release|Win32
		{7F3F02AE-7D40-4BCB-A2E4-FACB101B11CE}.Release|Win32.Build.0 = Release|Win32
		{7F3F02AE-7D40-4BCB-A2E4-FACB101B11CE}.Release|Win32.Deploy.0 = Release|Win32
		{7F3F02AE-7D40-4BCB-A2E4-FACB101B11CE}.Release|x64.ActiveCfg = Release|x64
		{7F3F02AE-7D40-4BCB-A2E4-FACB101B11CE}.Release|x64.Build.0 = Release|x64
		{7F3F02AE-7D40-4BCB-A2E4-FACB101B11CE}.Release|x64.Deploy.0 = Release|x64
		{F695563A-6EC2-42CB-9B98-256AAF48E59F}.Debug|Win32.ActiveCfg = Debug|Win32
		{F695563A-6EC2-42CB-9B98-256AAF48E59F}.Debug|Win32.Build.0 = Debug|Win32
		{F695563A-6EC2-42CB-9B98-256AAF48E59F}.Debug|Win32.Deploy.0 = Debug|Win32
		{F695563A-6EC2-42CB-9B98-256AAF48E59F}.Debug|x64.ActiveCfg = Debug|x64
		{F695563A-6EC2-42CB-9B98-256AAF48E59F}.Debug|x64.Build.0 = Debug|x64
		{F695563A-6EC2-42CB-9B98-256AAF48E59F}.Debug|x64.Deploy.0 = Debug|x64
		{F695563A-6EC2-42CB-9B98-256AAF48E59F}.Release|Win32.ActiveCfg = Release|Win32
		{F695563A-6EC2-42CB-9B98-256AAF48E59F}.Release|Win32.Build.0 = Release|Win32
		{F695563A-6EC2-42CB-9B98-256AAF48E59F}.Release|Win32.Deploy.0 = Release|Win32
		{F695563A-6EC2-42CB-9B98-256AAF48E59F}.Release|x64.ActiveCfg = Release|x64
		{F695563A-6EC2-42CB-9B98-256AAF48E59F}.Release|x64.Build.0 = Release|x64
		{F695563A-6EC2-42CB-9B98-256AAF48E59F}.Release|x64.Deploy.0 = Release|x64
		{2CA50818-2529-4B10-A583-50BA12FC5118}.Debug|Win32.ActiveCfg = Debug|Win32
		{2CA50818-2529-4B10-A583-50BA12FC5118}.Debug|Win32.Build.0 = Debug|Win32
		{2CA50818-2529-4B10-A583-50BA12FC5118}.Debug|Win32.Deploy.0 = Debug|Win32
		{2CA50818-2529-4B10-A583-50BA12FC5118}.Debug|x64.ActiveCfg = Debug|x64
		{2CA50818-2529-4B10-A583-50BA12FC5118}.Debug|x64.Build.0 = Debug|x64
		{2CA50818-2529-4B10-A583-50BA12FC5118}.Debug|x64.Deploy.0 = Debug|x64
		{2CA50818-2529-4B10-A583-50BA12FC5118}.Release|Win32.ActiveCfg = Release|Win32
		{2CA50818-2529-4B10-A583-50BA12FC5118}.Release|Win32.Build.0 = Release|Win32
		{2CA50818-2529-4B10-A583-50BA12FC5118}.Release|Win32.Deploy.0 = Release|Win32
		{2CA50818-2529-4B10-A583-50BA12FC5118}.Release|x64.ActiveCfg = Release|x64
		{2CA50818-2529-4B10-A583-50BA12FC5118}.Release|x64.Build.0 = Release|x64
		{2CA50818-2529-4B10-A583-50BA12FC5118}.Release|x64.Deploy.0 = Release|x64
		{2CEA72AA-D88A-41C6-8A5C-4E2D0EF31DC4}.Debug|Win32.ActiveCfg = Debug|Win32
		{2CEA72AA-D88A-41C6-8A5C-4E2D0EF31DC4}.Debug|Win32.Build.0 = Debug|Win32
		{2CEA72AA-D88A-41C6-8A5C-4E2D0EF31DC4}.Debug|Win32.Deploy.0 = Debug|Win32
		{2CEA72AA-D88A-41C6-8A5C-4E2D0EF31DC4}.Debug|x64.ActiveCfg = Debug|x64
		{2CEA72AA-D88A-41C6-8A5C-4E2D0EF31DC4}.Debug|x64.Build.0 = Debug|x64
		{2CEA72AA-D88A-41C6-8A5C-4E2D0EF31DC4}.Debug|x64.Deploy.0 = Debug|x64
		{2CEA72AA-D88A-41C6-8A5C-4E2D0EF31DC4}.Release|Win32.ActiveCfg = Release|Win32
		{2CEA72AA-D88A-41C6-8A5C-4E2D0EF31DC4}.Release|Win32.Build.0 = Release|Win32
		{2CEA72AA-D88A-41C6-8A5C-4E2D0EF31DC4}.Release|Win32.Deploy.0 = Release|Win32
		{2CEA72AA-D88A-41C6-8A5C-4E2D0EF31DC4}.Release|x64.ActiveCfg = Release|x64
		{2CEA72AA-D88A-41C6-8A5C-4E2D0EF31DC4}.Release|x64.Build.0 = Release|x64
		{2CEA72AA-D88A-41C6-8A5C-4E2D0EF31DC4}.Release|x64.Deploy.0 = Release|x64
		{96C165FC-EE55-4661-A716-D8A0E42F22F0}.Debug|Win32.ActiveCfg = Debug|Win32
		{96C165FC-EE55-4661-A716-D8A0E42F22F0}.Debug|Win32.Build.0 = Debug|Win32
		{96C165FC-EE55-4661-A716-D8A0E42F22F0}.Debug|Win32.Deploy.0 = Debug|Win32
		{96C165FC-EE55-4661-A716-D8A0E42F22F0}.Debug|x64.ActiveCfg = Debug|x64
		{96C165FC-EE55-4661-A716-D8A0E42F22F0}.Debug|x64.Build.0 = Debug|x64
		{96C165FC-EE55-4661-A716-D8A0E42F22F0}.Debug|x64.Deploy.0 = Debug|x64
		{96C165FC-EE55-4661-A716-D8A0E42F22F0}.Release|Win32.ActiveCfg = Release|Win32
		{96C165FC-EE55-4661-A716-D8A0E42F22F0}.Release|Win32.Build.0 = Release|Win32
		{96C165FC-EE55-4661-A716-D8A0E42F22F0}.Release|Win32.Deploy.0 = Release|Win32
		{96C165FC-EE55-4661-A716-D8A0E42F22F0}.Release|x64.ActiveCfg = Release|x64
		{96C165FC-EE55-4661-A716-D8A0E42F22F0}.Release|x64.Build.0 = Release|x64
		{96C165FC-EE55-4661-A716-D8A0E42F22F0}.Release|x64.Deploy.0 = Release|x64
		{3CA403F4-0DD9-4027-90D2-2FD9235BAB76}.Debug|Win32.ActiveCfg = Debug|Win32
		{3CA403F4-0DD9-4027-90D2-2FD9235BAB76}.Debug|Win32.Build.0 = Debug|Win32
		{3CA403F4-0DD9-4027-90D2-2FD9235BAB76}.Debug|Win32.Deploy.0 = Debug|Win32
		{3CA403F4-0DD9-4027-90D2-2FD9235BAB76}.Debug|x64.ActiveCfg = Debug|x64
		{3CA403F4-0DD9-4027-90D2-2FD9235BAB76}.Debug|x64.Build.0 = Debug|x64
		{3CA403F4-0DD9-4027-90D2-2FD9235BAB76}.Debug|x64.Deploy.0 = Debug|x64
		{3CA403F4-0DD9-4027-90D2-2FD9235BAB76}.Release|Win32.ActiveCfg = Release|Win32
		{3CA403F4-0DD9-4027-90D2-2FD9235BAB76}.Release|Win32.Build.0 = Release|Win32
		{3CA403F4-0DD9-4027-90D2-2FD9235BAB76}.Release|Win32.Deploy.0 = Release|Win32
		{3CA403F4-0DD9-4027-90D2-2FD9235BAB76}.Release|x64.ActiveCfg = Release|x64
		{3CA403F4-0DD9-4027-90D2-2FD9235BAB76}.Release|x64.Build.0 = Release|x64
		{3CA403F4-0DD9-4027-90D2-2FD9235BAB76}.Release|x64.Deploy.0 = Release|x64
		{0EEDA5B7-6C4E-44CF-AF77-9DEBA681813E}.Debug|Win32.ActiveCfg = Debug|Win32
		{0EEDA5B7-6C4E-44CF-AF77-9DEBA681813E}.Debug|Win32.Build.0 = Debug|Win32
		{0EEDA5B7-6C4E-44CF-AF77-9DEBA681813E}.Debug|Win32.Deploy.0 = Debug|Win32
		{0EEDA5B7-6C4E-44CF-AF77-9DEBA681813E}.Debug|x64.ActiveCfg = Debug|x64
		{0EEDA5B7-6C4E-44CF-AF77-9DEBA681813E}.Debug|x64.Build.0 = Debug|x64
		{0EEDA5B7-6C4E-44CF-AF77-9DEBA681813E}.Debug|x64.Deploy.0 = Debug|x64
		{0EEDA5B7-6C4E-44CF-AF77-9DEBA681813E}.Release|Win32.ActiveCfg = Release|Win32
		{0EEDA5B7-6C4E-44CF-AF77-9DEBA681813E}.Release|Win32.Build.0 = Release|Win32
		{0EEDA5B7-6C4E-44CF-AF77-9DEBA681813E}.Release|Win32.Deploy.0 = Release|Win32
		{0EEDA5B7-6C4E-44CF-AF77-9DEBA681813E}.Release|x64.ActiveCfg = Release|x64
		{0EEDA5B7-6C4E-44CF-AF77-9DEBA681813E}.Release|x64.Build.0 = Release|x64
		{0EEDA5B7-6C4E-44CF-AF77-9DEBA681813E}.Release|x64.Deploy.0 = Release|x64
		{CF8F5C7F-23A2-41A0-9D44-F8DAA558734C}.Debug|Win32.ActiveCfg = Debug|Win32
		{CF8F5C7F-23A2-41A0-9D44-F8DAA558734C}.Debug|Win32.Build.0 = Debug|Win32
		{CF8F5C7F-23A2-41A0-9D44-F8DAA558734C}.Debug|Win32.Deploy.0 = Debug|Win32
		{CF8F5C7F-23A2-41A0-9D44-F8DAA558734C}.Debug|x64.ActiveCfg = Debug|x64
		{CF8F5C7F-23A2-41A0-9D44-F8DAA558734C}.Debug|x64.Build.0 = Debug|x64
		{CF8F5C7F-23A2-41A0-9D44-F8DAA558734C}.Debug|x64.Deploy.0 = Debug|x64
		{CF8F5C7F-23A2-41A0-9D44-F8DAA558734C}.Release|Win32.ActiveCfg = Release|Win32
		{CF8F5C7F-23A2-41A0-9D44-F8DAA558734C}.Release|Win32.Build.0 = Release|Win32
		{CF8F5C7F-23A2-41A0-9D44-F8DAA558734C}.Release|Win32.Deploy.0 = Release|Win32
		{CF8F5C7F-23A2-41A0-9D44-F8DAA558734C}.Release|x64.ActiveCfg = Release|x64
		{CF8F5C7F-23A2-41A0-9D44-F8DAA558734C}.Release|x64.Build.0 = Release|x64
		{CF8F5C7F-23A2-41A0-9D44-F8DAA558734C}.Release|x64.Deploy.0 = Release|x64
		{AD6404D4-700D-4269-ACDA-A01F44D4F62C}.Debug|Win32.ActiveCfg = Debug|Win32
		{AD6404D4-700D-4269-ACDA-A01F44D4F62C}.Debug|Win32.Build.0 = Debug|Win32
		{AD6404D4-700D-4269-ACDA-A01F44D4F62C}.Debug|Win32.Deploy.0 = Debug|Win32
		{AD6404D4-700D-4269-ACDA-A01F44D4F62C}.Debug|x64.ActiveCfg = Debug|x64
		{AD6404D4-700D-4269-ACDA-A01F44D4F62C}.Debug|x64.Build.0 = Debug|x64
		{AD6404D4-700D-4269-ACDA-A01F44D4F62C}.Debug|x64.Deploy.0 = Debug|x64
		{AD6404D4-700D-4269-ACDA-A01F44D4F62C}.Release|Win32.ActiveCfg = Release|Win32
		{AD6404D4-700D-4269-ACDA-A01F44D4F62C}.Release|Win32.Build.0 = Release|Win32
		{AD6404D4-700D-4269-ACDA-A01F44D4F62C}.Release|Win32.Deploy.0 = Release|Win32
		{AD6404D4-700D-4269-ACDA-A01F44D4F62C}.Release|x64.ActiveCfg = Release|x64
		{AD6404D4-700D-4269-ACDA-A01F44D4F62C}.Release|x64.Build.0 = Release|x64
		{AD6404D4-700D-4269-ACDA-A01F44D4F62C}.Release|x64.Deploy.0 = Release|x64
		{3F469182-0A86-48D6-BAF7-042B77CA15C2}.Debug|Win32.ActiveCfg = Debug|Win32
		{3F469182-0A86-48D6-BAF7-042B77CA15C2}.Debug|Win32.Build.0 = Debug|Win32
		{3F469182-0A86-48D6-BAF7-042B77CA15C2}.Debug|Win32.Deploy.0 = Debug|Win32
		{3F469182-0A86-48D6-BAF7-042B77CA15C2}.Debug|x64.ActiveCfg = Debug|x64
		{3F469182-0A86-48D6-BAF7-042B77CA15C2}.Debug|x64.Build.0 = Debug|x64
		{3F469182-0A86-48D6-BAF7-042B77CA15C2}.Debug|x64.Deploy.0 = Debug|x64
		{3F469182-0A86-48D6-BAF7-042B77CA15C2}.Release|Win32.ActiveCfg = Release|Win32
		{3F469182-0A86-48D6-BAF7-042B77CA15C2}.Release|Win32.Build.0 = Release|Win32
		{3F469182-0A86-48D6-BAF7-042B77CA15C2}.Release|Win32.Deploy.0 = Release|Win32
		{3F469182-0A86-48D6-BAF7-042B77CA15C2}.Release|x64.ActiveCfg = Release|x64
		{3F469182-0A86-48D6-BAF7-042B77CA15C2}.Release|x64.Build.0 = Release|x64
		{3F469182-0A86-48D6-BAF7-042B77CA15C2}.Release|x64.Deploy.0 = Release|x64
		{FBCB1F03-50AB-4160-AE1F-14D375981856}.Debug|Win32.ActiveCfg = Debug|Win32
		{FBCB1F03-50AB-4160-AE1F-14D375981856}.Debug|Win32.Build.0 = Debug|Win32
		{FBCB1F03-50AB-4160-AE1F-14D375981856}.Debug|Win32.Deploy.0 = Debug|Win32
		{FBCB1F03-50AB-4160-AE1F-14D375981856}.Debug|x64.ActiveCfg = Debug|x64
		{FBCB1F03-50AB-4160-AE1F-14D375981856}.Debug|x64.Build.0 = Debug|x64
		{FBCB1F03-50AB-4160-AE1F-14D375981856}.Debug|x64.Deploy.0 = Debug|x64
		{FBCB1F03-50AB-4160-AE1F-14D375981856}.Release|Win32.ActiveCfg = Release|Win32
		{FBCB1F03-50AB-4160-AE1F-14D375981856}.Release|Win32.Build.0 = Release|Win32
		{FBCB1F03-50AB-4160-AE1F-14D375981856}.Release|Win32.Deploy.0 = Release|Win32
		{FBCB1F03-50AB-4160-AE1F-14D375981856}.Release|x64.ActiveCfg = Release|x64
		{FBCB1F03-50AB-4160-AE1F-14D375981856}.Release|x64.Build.0 = Release|x64
		{FBCB1F03-50AB-4160-AE1F-14D375981856}.Release|x64.Deploy.0 = Release|x64
		{C522F6BD-F77D-4B84-BFF3-969DA13901F2}.Debug|Win32.ActiveCfg = Debug|Win32
		{C522F6BD-F77D-4B84-BFF3-969DA13901F2}.Debug|Win32.Build.0 = Debug|Win32
		{C522F6BD-F77D-4B84-BFF3-969DA13901F2}.Debug|Win32.Deploy.0 = Debug|Win32
		{C522F6BD-F77D-4B84-BFF3-969DA13901F2}.Debug|x64.ActiveCfg = Debug|x64
		{C522F6BD-F77D-4B84-BFF3-969DA13901F2}.Debug|x64.Build.0 = Debug|x64
		{C522F6BD-F77D-4B84-BFF3-969DA13901F2}.Debug|x64.Deploy.0 = Debug|x64
		{C522F6BD-F77D-4B84-BFF3-969DA13901F2}.Release|Win32.ActiveCfg = Release|Win32
		{C522F6BD-F77D-4B84-BFF3-969DA13901F2}.Release|Win32.Build.0 = Release|Win32
		{C522F6BD-F77D-4B84-BFF3-969DA13901F2}.Release|Win32.Deploy.0 = Release|Win32
		{C522F6BD-F77D-4B84-BFF3-969DA13901F2}.Release|x64.ActiveCfg = Release|x64
		{C522F6BD-F77D-4B84-BFF3-969DA13901F2}.Release|x64.Build.0 = Release|x64
		{C522F6BD-F77D-4B84-BFF3-969DA13901F2}.Release|x64.Deploy.0 = Release|x64
		{3053783D-087D-484C-8C34-0C9FF333B888}.Debug|Win32.ActiveCfg = Debug|Win32
		{3053783D-087D-484C-8C34-0C9FF333B888}.Debug|Win32.Build.0 = Debug|Win32
		{3053783D-087D-484C-8C34-0C9FF333B888}.Debug|Win32.Deploy.0 = Debug|Win32
		{3053783D-087D-484C-8C34-0C9FF333B888}.Debug|x64.ActiveCfg = Debug|x64
		{3053783D-087D-484C-8C34-0C9FF333B888}.Debug|x64.Build.0 = Debug|x64
		{3053783D-087D-484C-8C34-0C9FF333B888}.Debug|x64.Deploy.0 = Debug|x64
		{3053783D-087D-484C-8C34-0C9FF333B888}.Release|Win32.ActiveCfg = Release|Win32
		{3053783D-087D-484C-8C34-0C9FF333B888}.Release|Win32.Build.0 = Release|Win32
		{3053783D-087D-484C-8C34-0C9FF333B888}.Release|Win32.Deploy.0 = Release|Win32
		{3053783D-087D-484C-8C34-0C9FF333B888}.Release|x64.ActiveCfg = Release|x64
		{3053783D-087D-484C-8C34-0C9FF333B888}.Release|x64.Build.0 = Release|x64
		{3053783D-087D-484C-8C34-0C9FF333B888}.Release|x64.Deploy.0 = Release|x64
		{BAF0D294-B53E-49C6-85E5-410020FE8612}.Debug|Win32.ActiveCfg = Debug|Win32
		{BAF0D294-B53E-49C6-85E5-410020FE8612}.Debug|Win32.Build.0 = Debug|Win32
		{BAF0D294-B53E-49C6-85E5-410020FE8612}.Debug|Win32.Deploy.0 = Debug|Win32
		{BAF0D294-B53E-49C6-85E5-410020FE8612}.Debug|x64.ActiveCfg = Debug|x64
		{BAF0D294-B53E-49C6-85E5-410020FE8612}.Debug|x64.Build.0 = Debug|x64
		{BAF0D294-B53E-49C6-85E5-410020FE8612}.Debug|x64.Deploy.0 = Debug|x64
		{BAF0D294-B53E-49C6-85E5-410020FE8612}.Release|Win32.ActiveCfg = Release|Win32
		{BAF0D294-B53E-49C6-85E5-410020FE8612}.Release|Win32.Build.0 = Release|Win32
		{BAF0D294-B53E-49C6-85E5-410020FE8612}.Release|Win32.Deploy.0 = Release|Win32
		{BAF0D294-B53E-49C6-85E5-410020FE8612}.Release|x64.ActiveCfg = Release|x64
		{BAF0D294-B53E-49C6-85E5-410020FE8612}.Release|x64.Build.0 = Release|x64
		{BAF0D294-B53E-49C6-85E5-410020FE8612}.Release|x64.Deploy.0 = Release|x64
		{40AC780E-470A-4657-A27B-D203A20F5FBF}.Debug|Win32.ActiveCfg = Debug|Win32
		{40AC780E-470A-4657-A27B-D203A20F5FBF}.Debug|Win32.Build.0 = Debug|Win32
		{40AC780E-470A-4657-A27B-D203A20F5FBF}.Debug|Win32.Deploy.0 = Debug|Win32
		{40AC780E-470A-4657-A27B-D203A20F5FBF}.Debug|x64.ActiveCfg = Debug|x64
		{40AC780E-470A-4657-A27B-D203A20F5FBF}.Debug|x64.Build.0 = Debug|x64
		{40AC780E-470A-4657-A27B-D203A20F5FBF}.Debug|x64.Deploy.0 = Debug|x64
		{40AC780E-470A-4657-A27B-D203A20F5FBF}.Release|Win32.ActiveCfg = Release|Win32
		{40AC780E-470A-4657-A27B-D203A20F5FBF}.Release|Win32.Build.0 = Release|Win32
		{40AC780E-470A-4657-A27B-D203A20F5FBF}.Release|Win32.Deploy.0 = Release|Win32
		{40AC780E-470A-4657-A27B-D203A20F5FBF}.Release|x64.ActiveCfg = Release|x64
		{40AC780E-470A-4657-A27B-D203A20F5FBF}.Release|x64.Build.0 = Release|x64
		{40AC780E-470A-4657-A27B-D203A20F5FBF}.Release|x64.Deploy.0 = Release|x64
		{5B8AA592-93BF-474C-B1FC-2B377863CA91}.Debug|Win32.ActiveCfg = Debug|Win32
		{5B8AA592-93BF-474C-B1FC-2B377863CA91}.Debug|Win32.Build.0 = Debug|Win32
		{5B8AA592-93BF-474C-B1FC-2B377863CA91}.Debug|Win32.Deploy.0 = Debug|Win32
		{5B8AA592-93BF-474C-B1FC-2B377863CA91}.Debug|x64.ActiveCfg = Debug|x64
		{5B8AA592-93BF-474C-B1FC-2B377863CA91}.Debug|x64.Build.0 = Debug|x64
		{5B8AA592-93BF-474C-B1FC-2B377863CA91}.Debug|x64.Deploy.0 = Debug|x64
		{5B8AA592-93BF-474C-B1FC-2B377863CA91}.Release|Win32.ActiveCfg = Release|Win32
		{5B8AA592-93BF-474C-B1FC-2B377863CA91}.Release|Win32.Build.0 = Release|Win32
		{5B8AA592-93BF-474C-B1FC-2B377863CA91}.Release|Win32.Deploy.0 = Release|Win32
		{5B8AA592-93BF-474C-B1FC-2B377863CA91}.Release|x64.ActiveCfg = Release|x64
		{5B8AA592-93BF-474C-B1FC-2B377863CA91}.Release|x64.Build.0 = Release|x64
		{5B8AA592-93BF-474C-B1FC-2B377863CA91}.Release|x64.Deploy.0 = Release|x64
	EndGlobalSection
	GlobalSection(SolutionProperties) = preSolution
		HideSolutionNode = FALSE
	EndGlobalSection
EndGlobal
